// !$*UTF8*$!
{
	archiveVersion = 1;
	classes = {
	};
	objectVersion = 46;
	objects = {
/* Begin PBXBuildFile section */
		0207DA581B56EA530066E2B4 /* Images.xcassets in Resources */ = {isa = PBXBuildFile; fileRef = 0207DA571B56EA530066E2B4 /* Images.xcassets */; };
		1D3623260D0F684500981E51 /* AppDelegate.m in Sources */ = {isa = PBXBuildFile; fileRef = 1D3623250D0F684500981E51 /* AppDelegate.m */; };
		1D60589B0D05DD56006BFB54 /* main.m in Sources */ = {isa = PBXBuildFile; fileRef = 29B97316FDCFA39411CA2CEA /* main.m */; };
		301BF552109A68D80062928A /* libCordova.a in Frameworks */ = {isa = PBXBuildFile; fileRef = 301BF535109A57CC0062928A /* libCordova.a */; };
		302D95F114D2391D003F00A1 /* MainViewController.m in Sources */ = {isa = PBXBuildFile; fileRef = 302D95EF14D2391D003F00A1 /* MainViewController.m */; };
		302D95F214D2391D003F00A1 /* MainViewController.xib in Resources */ = {isa = PBXBuildFile; fileRef = 302D95F014D2391D003F00A1 /* MainViewController.xib */; };
		3047A5121AB8059700498E2A /* build-debug.xcconfig in Resources */ = {isa = PBXBuildFile; fileRef = 3047A50F1AB8059700498E2A /* build-debug.xcconfig */; };
		3047A5131AB8059700498E2A /* build-release.xcconfig in Resources */ = {isa = PBXBuildFile; fileRef = 3047A5101AB8059700498E2A /* build-release.xcconfig */; };
		3047A5141AB8059700498E2A /* build.xcconfig in Resources */ = {isa = PBXBuildFile; fileRef = 3047A5111AB8059700498E2A /* build.xcconfig */; };
		6AFF5BF91D6E424B00AB3073 /* CDVLaunchScreen.storyboard in Resources */ = {isa = PBXBuildFile; fileRef = 6AFF5BF81D6E424B00AB3073 /* CDVLaunchScreen.storyboard */; };
		3A6D54D6B1124F7095E80009 /* GoogleService-Info.plist in Resources */ = {isa = PBXBuildFile; fileRef = 34D603A831E5417CBE508754 /* GoogleService-Info.plist */; };
		96CCB511848C4A9792D760CA /* CDVClipboard.m in Sources */ = {isa = PBXBuildFile; fileRef = 4533BCBCF7374F80A41D2971 /* CDVClipboard.m */; };
		AD4FB4FD2D6C42DE8FB62722 /* APPBadge.m in Sources */ = {isa = PBXBuildFile; fileRef = AA8B31B433D5447EA6C6BFD8 /* APPBadge.m */; };
		695276950F7E40CCB51FB92A /* UIImage+CropScaleOrientation.m in Sources */ = {isa = PBXBuildFile; fileRef = A275BC1A3F27411EAB1AB3E7 /* UIImage+CropScaleOrientation.m */; };
		1A51E065AA8343B9A41008B2 /* CDVCamera.m in Sources */ = {isa = PBXBuildFile; fileRef = 7D1013F2B932473EAC90274D /* CDVCamera.m */; };
		FDB27A5E05F94B25919E1A10 /* CDVJpegHeaderWriter.m in Sources */ = {isa = PBXBuildFile; fileRef = 2C8C8B2D2C0046558E04CED1 /* CDVJpegHeaderWriter.m */; };
		3E79921BCFF447EA94A9D29C /* ImageIO.framework in Frameworks */ = {isa = PBXBuildFile; fileRef = 20A359860E4E434291EE45BD /* ImageIO.framework */; settings = {ATTRIBUTES = (Weak, ); }; };
		5C62F11346A74FC98D7CEF38 /* CoreLocation.framework in Frameworks */ = {isa = PBXBuildFile; fileRef = 24E8D4D54DDD42649CC12365 /* CoreLocation.framework */; };
		A4E838EFE94F4F6C88D6FB86 /* AVFoundation.framework in Frameworks */ = {isa = PBXBuildFile; fileRef = 82C117BC1022480087BF7084 /* AVFoundation.framework */; };
		7D1E6F05468F4E8188D5AED0 /* CDVDevice.m in Sources */ = {isa = PBXBuildFile; fileRef = 9D6E029AF4FD4096B3053360 /* CDVDevice.m */; };
		786CFC2DEABF4B11911A5471 /* CDVFile.m in Sources */ = {isa = PBXBuildFile; fileRef = 56F869D2B0A247E98E845E39 /* CDVFile.m */; };
		4E5BE72834C644B1BB5DA2E4 /* CDVLocalFilesystem.m in Sources */ = {isa = PBXBuildFile; fileRef = 735050C493F74B3881E1B9BF /* CDVLocalFilesystem.m */; };
		8DDCEB837A8B4B9182232FBB /* CDVAssetLibraryFilesystem.m in Sources */ = {isa = PBXBuildFile; fileRef = A04E4EACBFE64662B4F102AB /* CDVAssetLibraryFilesystem.m */; };
		C51AD01C24E14AE6B9360396 /* FileOpener2.m in Sources */ = {isa = PBXBuildFile; fileRef = A26133142447447E838DC682 /* FileOpener2.m */; };
		6F29F33CB9AC44BBA9B4CF70 /* CDVFileTransfer.m in Sources */ = {isa = PBXBuildFile; fileRef = AEF1C49E814D4433B110C1B7 /* CDVFileTransfer.m */; };
		81F86106EAE94BD9ACD51024 /* CDVGlobalization.m in Sources */ = {isa = PBXBuildFile; fileRef = 5E1AB948900D4A39BEAAC7DD /* CDVGlobalization.m */; };
		5E1EEF1B44874B5E98B0A7BD /* CDVInAppBrowser.m in Sources */ = {isa = PBXBuildFile; fileRef = FAA04D96D23C4726A639F64B /* CDVInAppBrowser.m */; };
		4F5CA5408AC54F25AF4131A3 /* CDVIonicKeyboard.m in Sources */ = {isa = PBXBuildFile; fileRef = 018CBC50B0324A708A765628 /* CDVIonicKeyboard.m */; };
		5328014C96DC4A05AD9864E5 /* CDVCapture.m in Sources */ = {isa = PBXBuildFile; fileRef = E721A464FDA544E8891950ED /* CDVCapture.m */; };
		0E0E4671DD0A4AAA8041D6CA /* CDVCapture.bundle in Resources */ = {isa = PBXBuildFile; fileRef = 696C62F824D44916AD50D4F2 /* CDVCapture.bundle */; };
		3AACC2201BDF49B7A081DDD2 /* CDVConnection.m in Sources */ = {isa = PBXBuildFile; fileRef = 55278986F55449DAB4FF0789 /* CDVConnection.m */; };
		533D6145A6124F4E8340ADCA /* CDVReachability.m in Sources */ = {isa = PBXBuildFile; fileRef = 8B8EBED5622A41619423AC95 /* CDVReachability.m */; };
		EF9D6C4A95D74DB498347781 /* SystemConfiguration.framework in Frameworks */ = {isa = PBXBuildFile; fileRef = 875718199FE446DE9C5D493A /* SystemConfiguration.framework */; settings = {ATTRIBUTES = (Weak, ); }; };
		BFF434DBB5434E629EDC3172 /* CoreTelephony.framework in Frameworks */ = {isa = PBXBuildFile; fileRef = 12342B89F5DB40D184500C36 /* CoreTelephony.framework */; };
		022B22ECAA4045F4A2DC0BAE /* CDVOrientation.m in Sources */ = {isa = PBXBuildFile; fileRef = 572BCB441C0247F2AD86F107 /* CDVOrientation.m */; };
		7C1E80F14A3F491890896964 /* CDVSplashScreen.m in Sources */ = {isa = PBXBuildFile; fileRef = 9620912EACE04436965D0635 /* CDVSplashScreen.m */; };
		E050EDFA76D145F18473D2F6 /* CDVViewController+SplashScreen.m in Sources */ = {isa = PBXBuildFile; fileRef = DC33C0E3BFD4416C8F22F57D /* CDVViewController+SplashScreen.m */; };
		C084949E4BBE497390E4060E /* CDVStatusBar.m in Sources */ = {isa = PBXBuildFile; fileRef = 1CFB5F5FAEDF41A3B33B321E /* CDVStatusBar.m */; };
		01EE154B238240D0A2935902 /* ZipPlugin.m in Sources */ = {isa = PBXBuildFile; fileRef = E5D9960C96D54741826B87B9 /* ZipPlugin.m */; };
		FB3ABE5EFC06448AA4B4A509 /* aescrypt.c in Resources */ = {isa = PBXBuildFile; fileRef = EEA567BAF3504EA8A1012BDA /* aescrypt.c */; };
		B6DFC65119E1401D842436C6 /* aeskey.c in Resources */ = {isa = PBXBuildFile; fileRef = E0964C0C739649AA9FEF4EA0 /* aeskey.c */; };
		79F04E7B9B954BFBA019698D /* aestab.c in Resources */ = {isa = PBXBuildFile; fileRef = 1F3F99BBE3FE4B13B35DA3BE /* aestab.c */; };
		8CF05E96AA9C496D9BFF5BF3 /* entropy.c in Resources */ = {isa = PBXBuildFile; fileRef = 690833C2D1CC480B99D79C4D /* entropy.c */; };
		08CF476984A249A58558F9A1 /* fileenc.c in Resources */ = {isa = PBXBuildFile; fileRef = 429D94BCC2BA449D8140362B /* fileenc.c */; };
		3F81A92ADF2F4059B84BBD33 /* hmac.c in Resources */ = {isa = PBXBuildFile; fileRef = BCEE7BBE318A42B3BE76A491 /* hmac.c */; };
		DFB67DD132784CAF8EE2007C /* prng.c in Resources */ = {isa = PBXBuildFile; fileRef = 605E0FAB290B43A485124D4D /* prng.c */; };
		5F146AE22CC94641A1EB5DC0 /* pwd2key.c in Resources */ = {isa = PBXBuildFile; fileRef = 0D61E6886CA042D8B7B04875 /* pwd2key.c */; };
		AC2951B8879D4A54B6517374 /* sha1.c in Resources */ = {isa = PBXBuildFile; fileRef = D2E7DB9AF416495B80B373FD /* sha1.c */; };
		A860F2D70B5242D29C8E1D12 /* SSZipArchive.m in Sources */ = {isa = PBXBuildFile; fileRef = 59607D37D0B3432CA5B452E6 /* SSZipArchive.m */; };
		245F3562A43344A7A4B81423 /* zip.c in Resources */ = {isa = PBXBuildFile; fileRef = F307BF4FECF7420A884093E1 /* zip.c */; };
		BB1F3628346649E19E064B50 /* unzip.c in Resources */ = {isa = PBXBuildFile; fileRef = 91C7EAC84BF647EB830DCD22 /* unzip.c */; };
		C1F98762860843B9848E261A /* mztools.c in Resources */ = {isa = PBXBuildFile; fileRef = C434EE36CED74E8F8E0E600A /* mztools.c */; };
		096809B83B33450498A1AAAC /* ioapi.c in Resources */ = {isa = PBXBuildFile; fileRef = D17259B7E9EB48E08652F967 /* ioapi.c */; };
		4CDD06FFAB5B4B69B0CBFAE6 /* libz.dylib in Frameworks */ = {isa = PBXBuildFile; fileRef = E24B7B86C5CA45C8BE644638 /* libz.dylib */; };
		CF161C39195F44D7BCBB958C /* SQLitePlugin.m in Sources */ = {isa = PBXBuildFile; fileRef = 5E7BDFF2C9664B1C9B2CAD69 /* SQLitePlugin.m */; };
		6F4B34296F0E4162929F95D1 /* PSPDFThreadSafeMutableDictionary.m in Sources */ = {isa = PBXBuildFile; fileRef = BF105F3EA6C44C95B76A2F3D /* PSPDFThreadSafeMutableDictionary.m */; settings = {COMPILER_FLAGS = "-w"; }; };
		75CACFFB7F1045D892A4166F /* sqlite3.c in Resources */ = {isa = PBXBuildFile; fileRef = 53F02F2A99454FEDA948BE80 /* sqlite3.c */; settings = {COMPILER_FLAGS = "-w -DSQLITE_THREADSAFE=1 -DSQLITE_DEFAULT_SYNCHRONOUS=3 -DSQLITE_DEFAULT_MEMSTATUS=0 -DSQLITE_OMIT_DECLTYPE -DSQLITE_OMIT_DEPRECATED -DSQLITE_OMIT_PROGRESS_CALLBACK -DSQLITE_OMIT_SHARED_CACHE -DSQLITE_TEMP_STORE=2 -DSQLITE_OMIT_LOAD_EXTENSION -DSQLITE_ENABLE_FTS3 -DSQLITE_ENABLE_FTS3_PARENTHESIS -DSQLITE_ENABLE_FTS4 -DSQLITE_ENABLE_RTREE -DSQLITE_DEFAULT_PAGE_SIZE=1024"; }; };
		769C2166153D41EB8E99192F /* BackgroundAudio.m in Sources */ = {isa = PBXBuildFile; fileRef = F0457079377549AFBAA67B09 /* BackgroundAudio.m */; };
		BC446A5DAF084973B4EE9F02 /* SQLitePlugin.m in Sources */ = {isa = PBXBuildFile; fileRef = B5408EF49381402D869DFFD1 /* SQLitePlugin.m */; };
		215DF99DABDE4122A3B4D935 /* PSPDFThreadSafeMutableDictionary.m in Sources */ = {isa = PBXBuildFile; fileRef = 75095E79347D468A99E65FDD /* PSPDFThreadSafeMutableDictionary.m */; settings = {COMPILER_FLAGS = "-w"; }; };
		45F80C33F9CC4FCE83CAD70D /* sqlite3_regexp.c in Resources */ = {isa = PBXBuildFile; fileRef = 5EDF8190E61F4BCA9B78F5A5 /* sqlite3_regexp.c */; };
		4ABF7594F4B2433C88979113 /* sqlite3_base64.c in Resources */ = {isa = PBXBuildFile; fileRef = 8DB2FBDE1177474C88196344 /* sqlite3_base64.c */; };
		C2990DE63A98473D8D8DA551 /* cencode.c in Resources */ = {isa = PBXBuildFile; fileRef = 616969874A734A1881782FE1 /* cencode.c */; };
		8CA4DF31A39947179B9CD037 /* sqlite3.c in Resources */ = {isa = PBXBuildFile; fileRef = C097EF4AB0F341B681A7A6BB /* sqlite3.c */; settings = {COMPILER_FLAGS = "-w -DSQLITE_THREADSAFE=1 -DSQLITE_DEFAULT_SYNCHRONOUS=3 -DSQLITE_LOCKING_STYLE=1 -DHAVE_USLEEP=1 -DSQLITE_DEFAULT_MEMSTATUS=0 -DSQLITE_OMIT_DECLTYPE -DSQLITE_OMIT_DEPRECATED -DSQLITE_OMIT_PROGRESS_CALLBACK -DSQLITE_OMIT_SHARED_CACHE -DSQLITE_TEMP_STORE=2 -DSQLITE_OMIT_LOAD_EXTENSION -DSQLITE_ENABLE_FTS3 -DSQLITE_ENABLE_FTS3_PARENTHESIS -DSQLITE_ENABLE_FTS4 -DSQLITE_ENABLE_FTS5 -DSQLITE_ENABLE_RTREE -DSQLITE_ENABLE_JSON1 -DSQLITE_DEFAULT_PAGE_SIZE=4096 -DSQLITE_DEFAULT_CACHE_SIZE=-2000"; }; };
/* End PBXBuildFile section */

/* Begin PBXContainerItemProxy section */
		301BF534109A57CC0062928A /* PBXContainerItemProxy */ = {
			isa = PBXContainerItemProxy;
			containerPortal = 301BF52D109A57CC0062928A /* CordovaLib.xcodeproj */;
			proxyType = 2;
			remoteGlobalIDString = D2AAC07E0554694100DB518D;
			remoteInfo = CordovaLib;
		};
		301BF550109A68C00062928A /* PBXContainerItemProxy */ = {
			isa = PBXContainerItemProxy;
			containerPortal = 301BF52D109A57CC0062928A /* CordovaLib.xcodeproj */;
			proxyType = 1;
			remoteGlobalIDString = D2AAC07D0554694100DB518D;
			remoteInfo = CordovaLib;
		};
/* End PBXContainerItemProxy section */

/* Begin PBXFileReference section */
		0207DA571B56EA530066E2B4 /* Images.xcassets */ = {isa = PBXFileReference; lastKnownFileType = folder.assetcatalog; name = Images.xcassets; path = "مگ‌آموز/Images.xcassets"; sourceTree = SOURCE_ROOT; };
		1D3623240D0F684500981E51 /* AppDelegate.h */ = {isa = PBXFileReference; fileEncoding = 4; lastKnownFileType = sourcecode.c.h; path = AppDelegate.h; sourceTree = "<group>"; };
		1D3623250D0F684500981E51 /* AppDelegate.m */ = {isa = PBXFileReference; fileEncoding = 4; lastKnownFileType = sourcecode.c.objc; path = AppDelegate.m; sourceTree = "<group>"; };
		1D6058910D05DD3D006BFB54 /* مگ‌آموز.app */ = {isa = PBXFileReference; explicitFileType = wrapper.application; includeInIndex = 0; path = "مگ‌آموز.app"; sourceTree = BUILT_PRODUCTS_DIR; };
		29B97316FDCFA39411CA2CEA /* main.m */ = {isa = PBXFileReference; fileEncoding = 4; lastKnownFileType = sourcecode.c.objc; path = main.m; sourceTree = "<group>"; };
		301BF52D109A57CC0062928A /* CordovaLib.xcodeproj */ = {isa = PBXFileReference; lastKnownFileType = "wrapper.pb-project"; path = CordovaLib/CordovaLib.xcodeproj; sourceTree = "<group>"; };
		301BF56E109A69640062928A /* www */ = {isa = PBXFileReference; lastKnownFileType = folder; path = www; sourceTree = SOURCE_ROOT; };
		302D95EE14D2391D003F00A1 /* MainViewController.h */ = {isa = PBXFileReference; fileEncoding = 4; lastKnownFileType = sourcecode.c.h; path = MainViewController.h; sourceTree = "<group>"; };
		302D95EF14D2391D003F00A1 /* MainViewController.m */ = {isa = PBXFileReference; fileEncoding = 4; lastKnownFileType = sourcecode.c.objc; path = MainViewController.m; sourceTree = "<group>"; };
		302D95F014D2391D003F00A1 /* MainViewController.xib */ = {isa = PBXFileReference; fileEncoding = 4; lastKnownFileType = file.xib; path = MainViewController.xib; sourceTree = "<group>"; };
		3047A50F1AB8059700498E2A /* build-debug.xcconfig */ = {isa = PBXFileReference; fileEncoding = 4; lastKnownFileType = text.xcconfig; name = "build-debug.xcconfig"; path = cordova/build-debug.xcconfig; sourceTree = SOURCE_ROOT; };
		3047A5101AB8059700498E2A /* build-release.xcconfig */ = {isa = PBXFileReference; fileEncoding = 4; lastKnownFileType = text.xcconfig; name = "build-release.xcconfig"; path = cordova/build-release.xcconfig; sourceTree = SOURCE_ROOT; };
		3047A5111AB8059700498E2A /* build.xcconfig */ = {isa = PBXFileReference; fileEncoding = 4; lastKnownFileType = text.xcconfig; name = build.xcconfig; path = cordova/build.xcconfig; sourceTree = SOURCE_ROOT; };
		32CA4F630368D1EE00C91783 /* مگ‌آموز-Prefix.pch */ = {isa = PBXFileReference; fileEncoding = 4; lastKnownFileType = sourcecode.c.h; path = "مگ‌آموز-Prefix.pch"; sourceTree = "<group>"; };
		6AFF5BF81D6E424B00AB3073 /* CDVLaunchScreen.storyboard */ = {isa = PBXFileReference; fileEncoding = 4; lastKnownFileType = file.storyboard; name = CDVLaunchScreen.storyboard; path = "مگ‌آموز/CDVLaunchScreen.storyboard"; sourceTree = SOURCE_ROOT; };
		8D1107310486CEB800E47090 /* مگ‌آموز-Info.plist */ = {isa = PBXFileReference; fileEncoding = 4; lastKnownFileType = text.plist.xml; name = "مگ‌آموز-Info.plist"; path = "مگ‌آموز/مگ‌آموز-Info.plist"; plistStructureDefinitionIdentifier = "com.apple.xcode.plist.structure-definition.iphone.info-plist"; sourceTree = SOURCE_ROOT; };
		EB87FDF31871DA8E0020F90C /* www */ = {isa = PBXFileReference; lastKnownFileType = folder; name = www; path = ../../www; sourceTree = "<group>"; };
		EB87FDF41871DAF40020F90C /* config.xml */ = {isa = PBXFileReference; lastKnownFileType = text.xml; name = config.xml; path = ../../config.xml; sourceTree = "<group>"; };
		F840E1F0165FE0F500CFE078 /* config.xml */ = {isa = PBXFileReference; lastKnownFileType = text.xml; name = config.xml; path = "مگ‌آموز/config.xml"; sourceTree = "<group>"; };
		ED33DF2A687741AEAF9F8254 /* Bridging-Header.h */ = {isa = PBXFileReference; fileEncoding = 4; lastKnownFileType = sourcecode.c.h; name = "Bridging-Header.h"; path = "Bridging-Header.h"; sourceTree = "<group>"; };
		34D603A831E5417CBE508754 /* GoogleService-Info.plist */ = {isa = PBXFileReference; name = "GoogleService-Info.plist"; path = "GoogleService-Info.plist"; sourceTree = "<group>"; fileEncoding = 4; lastKnownFileType = text.plist.xml; explicitFileType = undefined; includeInIndex = 0; };
		4533BCBCF7374F80A41D2971 /* CDVClipboard.m */ = {isa = PBXFileReference; name = "CDVClipboard.m"; path = "cordova-clipboard/CDVClipboard.m"; sourceTree = "<group>"; fileEncoding = 4; lastKnownFileType = sourcecode.c.objc; explicitFileType = undefined; includeInIndex = 0; };
		13F0AA02FCDB4731899F88B2 /* CDVClipboard.h */ = {isa = PBXFileReference; name = "CDVClipboard.h"; path = "cordova-clipboard/CDVClipboard.h"; sourceTree = "<group>"; fileEncoding = 4; lastKnownFileType = sourcecode.c.h; explicitFileType = undefined; includeInIndex = 0; };
		AA8B31B433D5447EA6C6BFD8 /* APPBadge.m */ = {isa = PBXFileReference; name = "APPBadge.m"; path = "cordova-plugin-badge/APPBadge.m"; sourceTree = "<group>"; fileEncoding = 4; lastKnownFileType = sourcecode.c.objc; explicitFileType = undefined; includeInIndex = 0; };
		B0F6F3FEB0E8445FBEAE0DBA /* APPBadge.h */ = {isa = PBXFileReference; name = "APPBadge.h"; path = "cordova-plugin-badge/APPBadge.h"; sourceTree = "<group>"; fileEncoding = 4; lastKnownFileType = sourcecode.c.h; explicitFileType = undefined; includeInIndex = 0; };
		A275BC1A3F27411EAB1AB3E7 /* UIImage+CropScaleOrientation.m */ = {isa = PBXFileReference; name = "UIImage+CropScaleOrientation.m"; path = "cordova-plugin-camera/UIImage+CropScaleOrientation.m"; sourceTree = "<group>"; fileEncoding = 4; lastKnownFileType = sourcecode.c.objc; explicitFileType = undefined; includeInIndex = 0; };
		7D1013F2B932473EAC90274D /* CDVCamera.m */ = {isa = PBXFileReference; name = "CDVCamera.m"; path = "cordova-plugin-camera/CDVCamera.m"; sourceTree = "<group>"; fileEncoding = 4; lastKnownFileType = sourcecode.c.objc; explicitFileType = undefined; includeInIndex = 0; };
		2C8C8B2D2C0046558E04CED1 /* CDVJpegHeaderWriter.m */ = {isa = PBXFileReference; name = "CDVJpegHeaderWriter.m"; path = "cordova-plugin-camera/CDVJpegHeaderWriter.m"; sourceTree = "<group>"; fileEncoding = 4; lastKnownFileType = sourcecode.c.objc; explicitFileType = undefined; includeInIndex = 0; };
		99ACD68792C14D129925CDC4 /* UIImage+CropScaleOrientation.h */ = {isa = PBXFileReference; name = "UIImage+CropScaleOrientation.h"; path = "cordova-plugin-camera/UIImage+CropScaleOrientation.h"; sourceTree = "<group>"; fileEncoding = 4; lastKnownFileType = sourcecode.c.h; explicitFileType = undefined; includeInIndex = 0; };
		218E8A6059D346AEA4112EA2 /* CDVCamera.h */ = {isa = PBXFileReference; name = "CDVCamera.h"; path = "cordova-plugin-camera/CDVCamera.h"; sourceTree = "<group>"; fileEncoding = 4; lastKnownFileType = sourcecode.c.h; explicitFileType = undefined; includeInIndex = 0; };
		D626AE7603BB4CA3BD55B5B1 /* CDVJpegHeaderWriter.h */ = {isa = PBXFileReference; name = "CDVJpegHeaderWriter.h"; path = "cordova-plugin-camera/CDVJpegHeaderWriter.h"; sourceTree = "<group>"; fileEncoding = 4; lastKnownFileType = sourcecode.c.h; explicitFileType = undefined; includeInIndex = 0; };
		95B41700E3CC4337A52D345F /* CDVExif.h */ = {isa = PBXFileReference; name = "CDVExif.h"; path = "cordova-plugin-camera/CDVExif.h"; sourceTree = "<group>"; fileEncoding = 4; lastKnownFileType = sourcecode.c.h; explicitFileType = undefined; includeInIndex = 0; };
		20A359860E4E434291EE45BD /* ImageIO.framework */ = {isa = PBXFileReference; name = "ImageIO.framework"; path = "System/Library/Frameworks/ImageIO.framework"; sourceTree = SDKROOT; fileEncoding = undefined; lastKnownFileType = wrapper.framework; explicitFileType = undefined; includeInIndex = 0; };
		24E8D4D54DDD42649CC12365 /* CoreLocation.framework */ = {isa = PBXFileReference; name = "CoreLocation.framework"; path = "System/Library/Frameworks/CoreLocation.framework"; sourceTree = SDKROOT; fileEncoding = undefined; lastKnownFileType = wrapper.framework; explicitFileType = undefined; includeInIndex = 0; };
		82C117BC1022480087BF7084 /* AVFoundation.framework */ = {isa = PBXFileReference; name = "AVFoundation.framework"; path = "System/Library/Frameworks/AVFoundation.framework"; sourceTree = SDKROOT; fileEncoding = undefined; lastKnownFileType = wrapper.framework; explicitFileType = undefined; includeInIndex = 0; };
		9D6E029AF4FD4096B3053360 /* CDVDevice.m */ = {isa = PBXFileReference; name = "CDVDevice.m"; path = "cordova-plugin-device/CDVDevice.m"; sourceTree = "<group>"; fileEncoding = 4; lastKnownFileType = sourcecode.c.objc; explicitFileType = undefined; includeInIndex = 0; };
		8219B8D5922F434BB213DD6C /* CDVDevice.h */ = {isa = PBXFileReference; name = "CDVDevice.h"; path = "cordova-plugin-device/CDVDevice.h"; sourceTree = "<group>"; fileEncoding = 4; lastKnownFileType = sourcecode.c.h; explicitFileType = undefined; includeInIndex = 0; };
		56F869D2B0A247E98E845E39 /* CDVFile.m */ = {isa = PBXFileReference; name = "CDVFile.m"; path = "cordova-plugin-file/CDVFile.m"; sourceTree = "<group>"; fileEncoding = 4; lastKnownFileType = sourcecode.c.objc; explicitFileType = undefined; includeInIndex = 0; };
		735050C493F74B3881E1B9BF /* CDVLocalFilesystem.m */ = {isa = PBXFileReference; name = "CDVLocalFilesystem.m"; path = "cordova-plugin-file/CDVLocalFilesystem.m"; sourceTree = "<group>"; fileEncoding = 4; lastKnownFileType = sourcecode.c.objc; explicitFileType = undefined; includeInIndex = 0; };
		A04E4EACBFE64662B4F102AB /* CDVAssetLibraryFilesystem.m */ = {isa = PBXFileReference; name = "CDVAssetLibraryFilesystem.m"; path = "cordova-plugin-file/CDVAssetLibraryFilesystem.m"; sourceTree = "<group>"; fileEncoding = 4; lastKnownFileType = sourcecode.c.objc; explicitFileType = undefined; includeInIndex = 0; };
		C633512FA76847C1A67A4D7B /* CDVFile.h */ = {isa = PBXFileReference; name = "CDVFile.h"; path = "cordova-plugin-file/CDVFile.h"; sourceTree = "<group>"; fileEncoding = 4; lastKnownFileType = sourcecode.c.h; explicitFileType = undefined; includeInIndex = 0; };
		B5A90E05A8CB4341B5135E27 /* CDVLocalFilesystem.h */ = {isa = PBXFileReference; name = "CDVLocalFilesystem.h"; path = "cordova-plugin-file/CDVLocalFilesystem.h"; sourceTree = "<group>"; fileEncoding = 4; lastKnownFileType = sourcecode.c.h; explicitFileType = undefined; includeInIndex = 0; };
		A28BB10BB2B1445AA8E98471 /* CDVAssetLibraryFilesystem.h */ = {isa = PBXFileReference; name = "CDVAssetLibraryFilesystem.h"; path = "cordova-plugin-file/CDVAssetLibraryFilesystem.h"; sourceTree = "<group>"; fileEncoding = 4; lastKnownFileType = sourcecode.c.h; explicitFileType = undefined; includeInIndex = 0; };
		A26133142447447E838DC682 /* FileOpener2.m */ = {isa = PBXFileReference; name = "FileOpener2.m"; path = "cordova-plugin-file-opener2/FileOpener2.m"; sourceTree = "<group>"; fileEncoding = 4; lastKnownFileType = sourcecode.c.objc; explicitFileType = undefined; includeInIndex = 0; };
		014537B58F1E4CCCBB1C56A0 /* FileOpener2.h */ = {isa = PBXFileReference; name = "FileOpener2.h"; path = "cordova-plugin-file-opener2/FileOpener2.h"; sourceTree = "<group>"; fileEncoding = 4; lastKnownFileType = sourcecode.c.h; explicitFileType = undefined; includeInIndex = 0; };
		AEF1C49E814D4433B110C1B7 /* CDVFileTransfer.m */ = {isa = PBXFileReference; name = "CDVFileTransfer.m"; path = "cordova-plugin-file-transfer/CDVFileTransfer.m"; sourceTree = "<group>"; fileEncoding = 4; lastKnownFileType = sourcecode.c.objc; explicitFileType = undefined; includeInIndex = 0; };
		9689CE11690742EBB54CC6D1 /* CDVFileTransfer.h */ = {isa = PBXFileReference; name = "CDVFileTransfer.h"; path = "cordova-plugin-file-transfer/CDVFileTransfer.h"; sourceTree = "<group>"; fileEncoding = 4; lastKnownFileType = sourcecode.c.h; explicitFileType = undefined; includeInIndex = 0; };
		5E1AB948900D4A39BEAAC7DD /* CDVGlobalization.m */ = {isa = PBXFileReference; name = "CDVGlobalization.m"; path = "cordova-plugin-globalization/CDVGlobalization.m"; sourceTree = "<group>"; fileEncoding = 4; lastKnownFileType = sourcecode.c.objc; explicitFileType = undefined; includeInIndex = 0; };
		F74485BC36E541DCB885E61A /* CDVGlobalization.h */ = {isa = PBXFileReference; name = "CDVGlobalization.h"; path = "cordova-plugin-globalization/CDVGlobalization.h"; sourceTree = "<group>"; fileEncoding = 4; lastKnownFileType = sourcecode.c.h; explicitFileType = undefined; includeInIndex = 0; };
		FAA04D96D23C4726A639F64B /* CDVInAppBrowser.m */ = {isa = PBXFileReference; name = "CDVInAppBrowser.m"; path = "cordova-plugin-inappbrowser/CDVInAppBrowser.m"; sourceTree = "<group>"; fileEncoding = 4; lastKnownFileType = sourcecode.c.objc; explicitFileType = undefined; includeInIndex = 0; };
		416C7C56A30449C380B11AAA /* CDVInAppBrowser.h */ = {isa = PBXFileReference; name = "CDVInAppBrowser.h"; path = "cordova-plugin-inappbrowser/CDVInAppBrowser.h"; sourceTree = "<group>"; fileEncoding = 4; lastKnownFileType = sourcecode.c.h; explicitFileType = undefined; includeInIndex = 0; };
		018CBC50B0324A708A765628 /* CDVIonicKeyboard.m */ = {isa = PBXFileReference; name = "CDVIonicKeyboard.m"; path = "cordova-plugin-ionic-keyboard/CDVIonicKeyboard.m"; sourceTree = "<group>"; fileEncoding = 4; lastKnownFileType = sourcecode.c.objc; explicitFileType = undefined; includeInIndex = 0; };
		2E3E146380304A6EBCC09CDC /* CDVIonicKeyboard.h */ = {isa = PBXFileReference; name = "CDVIonicKeyboard.h"; path = "cordova-plugin-ionic-keyboard/CDVIonicKeyboard.h"; sourceTree = "<group>"; fileEncoding = 4; lastKnownFileType = sourcecode.c.h; explicitFileType = undefined; includeInIndex = 0; };
		E721A464FDA544E8891950ED /* CDVCapture.m */ = {isa = PBXFileReference; name = "CDVCapture.m"; path = "cordova-plugin-media-capture/CDVCapture.m"; sourceTree = "<group>"; fileEncoding = 4; lastKnownFileType = sourcecode.c.objc; explicitFileType = undefined; includeInIndex = 0; };
		23E06EF422AB405E9CFC2C77 /* CDVCapture.h */ = {isa = PBXFileReference; name = "CDVCapture.h"; path = "cordova-plugin-media-capture/CDVCapture.h"; sourceTree = "<group>"; fileEncoding = 4; lastKnownFileType = sourcecode.c.h; explicitFileType = undefined; includeInIndex = 0; };
		696C62F824D44916AD50D4F2 /* CDVCapture.bundle */ = {isa = PBXFileReference; name = "CDVCapture.bundle"; path = "CDVCapture.bundle"; sourceTree = "<group>"; fileEncoding = undefined; lastKnownFileType = wrapper.plug-in; explicitFileType = undefined; includeInIndex = 0; };
		55278986F55449DAB4FF0789 /* CDVConnection.m */ = {isa = PBXFileReference; name = "CDVConnection.m"; path = "cordova-plugin-network-information/CDVConnection.m"; sourceTree = "<group>"; fileEncoding = 4; lastKnownFileType = sourcecode.c.objc; explicitFileType = undefined; includeInIndex = 0; };
		8B8EBED5622A41619423AC95 /* CDVReachability.m */ = {isa = PBXFileReference; name = "CDVReachability.m"; path = "cordova-plugin-network-information/CDVReachability.m"; sourceTree = "<group>"; fileEncoding = 4; lastKnownFileType = sourcecode.c.objc; explicitFileType = undefined; includeInIndex = 0; };
		499D3FFF5F1646EBAE552967 /* CDVConnection.h */ = {isa = PBXFileReference; name = "CDVConnection.h"; path = "cordova-plugin-network-information/CDVConnection.h"; sourceTree = "<group>"; fileEncoding = 4; lastKnownFileType = sourcecode.c.h; explicitFileType = undefined; includeInIndex = 0; };
		277C91C604AF4C0CB4318A19 /* CDVReachability.h */ = {isa = PBXFileReference; name = "CDVReachability.h"; path = "cordova-plugin-network-information/CDVReachability.h"; sourceTree = "<group>"; fileEncoding = 4; lastKnownFileType = sourcecode.c.h; explicitFileType = undefined; includeInIndex = 0; };
		875718199FE446DE9C5D493A /* SystemConfiguration.framework */ = {isa = PBXFileReference; name = "SystemConfiguration.framework"; path = "System/Library/Frameworks/SystemConfiguration.framework"; sourceTree = SDKROOT; fileEncoding = undefined; lastKnownFileType = wrapper.framework; explicitFileType = undefined; includeInIndex = 0; };
		12342B89F5DB40D184500C36 /* CoreTelephony.framework */ = {isa = PBXFileReference; name = "CoreTelephony.framework"; path = "System/Library/Frameworks/CoreTelephony.framework"; sourceTree = SDKROOT; fileEncoding = undefined; lastKnownFileType = wrapper.framework; explicitFileType = undefined; includeInIndex = 0; };
		572BCB441C0247F2AD86F107 /* CDVOrientation.m */ = {isa = PBXFileReference; name = "CDVOrientation.m"; path = "cordova-plugin-screen-orientation/CDVOrientation.m"; sourceTree = "<group>"; fileEncoding = 4; lastKnownFileType = sourcecode.c.objc; explicitFileType = undefined; includeInIndex = 0; };
		93DD65723A904DC8AF706A23 /* CDVOrientation.h */ = {isa = PBXFileReference; name = "CDVOrientation.h"; path = "cordova-plugin-screen-orientation/CDVOrientation.h"; sourceTree = "<group>"; fileEncoding = 4; lastKnownFileType = sourcecode.c.h; explicitFileType = undefined; includeInIndex = 0; };
		9620912EACE04436965D0635 /* CDVSplashScreen.m */ = {isa = PBXFileReference; name = "CDVSplashScreen.m"; path = "cordova-plugin-splashscreen/CDVSplashScreen.m"; sourceTree = "<group>"; fileEncoding = 4; lastKnownFileType = sourcecode.c.objc; explicitFileType = undefined; includeInIndex = 0; };
		DC33C0E3BFD4416C8F22F57D /* CDVViewController+SplashScreen.m */ = {isa = PBXFileReference; name = "CDVViewController+SplashScreen.m"; path = "cordova-plugin-splashscreen/CDVViewController+SplashScreen.m"; sourceTree = "<group>"; fileEncoding = 4; lastKnownFileType = sourcecode.c.objc; explicitFileType = undefined; includeInIndex = 0; };
		29A41A666C534B44BE9DAE39 /* CDVSplashScreen.h */ = {isa = PBXFileReference; name = "CDVSplashScreen.h"; path = "cordova-plugin-splashscreen/CDVSplashScreen.h"; sourceTree = "<group>"; fileEncoding = 4; lastKnownFileType = sourcecode.c.h; explicitFileType = undefined; includeInIndex = 0; };
		CB147EDD2D764365A219129F /* CDVViewController+SplashScreen.h */ = {isa = PBXFileReference; name = "CDVViewController+SplashScreen.h"; path = "cordova-plugin-splashscreen/CDVViewController+SplashScreen.h"; sourceTree = "<group>"; fileEncoding = 4; lastKnownFileType = sourcecode.c.h; explicitFileType = undefined; includeInIndex = 0; };
		1CFB5F5FAEDF41A3B33B321E /* CDVStatusBar.m */ = {isa = PBXFileReference; name = "CDVStatusBar.m"; path = "cordova-plugin-statusbar/CDVStatusBar.m"; sourceTree = "<group>"; fileEncoding = 4; lastKnownFileType = sourcecode.c.objc; explicitFileType = undefined; includeInIndex = 0; };
		A5C1966456B74926A7B2C2C1 /* CDVStatusBar.h */ = {isa = PBXFileReference; name = "CDVStatusBar.h"; path = "cordova-plugin-statusbar/CDVStatusBar.h"; sourceTree = "<group>"; fileEncoding = 4; lastKnownFileType = sourcecode.c.h; explicitFileType = undefined; includeInIndex = 0; };
		E5D9960C96D54741826B87B9 /* ZipPlugin.m */ = {isa = PBXFileReference; name = "ZipPlugin.m"; path = "cordova-plugin-zip/ZipPlugin.m"; sourceTree = "<group>"; fileEncoding = 4; lastKnownFileType = sourcecode.c.objc; explicitFileType = undefined; includeInIndex = 0; };
		EEA567BAF3504EA8A1012BDA /* aescrypt.c */ = {isa = PBXFileReference; name = "aescrypt.c"; path = "cordova-plugin-zip/Plugins/aes/aescrypt.c"; sourceTree = "<group>"; fileEncoding = undefined; lastKnownFileType = unknown; explicitFileType = undefined; includeInIndex = 0; };
		E0964C0C739649AA9FEF4EA0 /* aeskey.c */ = {isa = PBXFileReference; name = "aeskey.c"; path = "cordova-plugin-zip/Plugins/aes/aeskey.c"; sourceTree = "<group>"; fileEncoding = undefined; lastKnownFileType = unknown; explicitFileType = undefined; includeInIndex = 0; };
		1F3F99BBE3FE4B13B35DA3BE /* aestab.c */ = {isa = PBXFileReference; name = "aestab.c"; path = "cordova-plugin-zip/Plugins/aes/aestab.c"; sourceTree = "<group>"; fileEncoding = undefined; lastKnownFileType = unknown; explicitFileType = undefined; includeInIndex = 0; };
		690833C2D1CC480B99D79C4D /* entropy.c */ = {isa = PBXFileReference; name = "entropy.c"; path = "cordova-plugin-zip/Plugins/aes/entropy.c"; sourceTree = "<group>"; fileEncoding = undefined; lastKnownFileType = unknown; explicitFileType = undefined; includeInIndex = 0; };
		429D94BCC2BA449D8140362B /* fileenc.c */ = {isa = PBXFileReference; name = "fileenc.c"; path = "cordova-plugin-zip/Plugins/aes/fileenc.c"; sourceTree = "<group>"; fileEncoding = undefined; lastKnownFileType = unknown; explicitFileType = undefined; includeInIndex = 0; };
		BCEE7BBE318A42B3BE76A491 /* hmac.c */ = {isa = PBXFileReference; name = "hmac.c"; path = "cordova-plugin-zip/Plugins/aes/hmac.c"; sourceTree = "<group>"; fileEncoding = undefined; lastKnownFileType = unknown; explicitFileType = undefined; includeInIndex = 0; };
		605E0FAB290B43A485124D4D /* prng.c */ = {isa = PBXFileReference; name = "prng.c"; path = "cordova-plugin-zip/Plugins/aes/prng.c"; sourceTree = "<group>"; fileEncoding = undefined; lastKnownFileType = unknown; explicitFileType = undefined; includeInIndex = 0; };
		0D61E6886CA042D8B7B04875 /* pwd2key.c */ = {isa = PBXFileReference; name = "pwd2key.c"; path = "cordova-plugin-zip/Plugins/aes/pwd2key.c"; sourceTree = "<group>"; fileEncoding = undefined; lastKnownFileType = unknown; explicitFileType = undefined; includeInIndex = 0; };
		D2E7DB9AF416495B80B373FD /* sha1.c */ = {isa = PBXFileReference; name = "sha1.c"; path = "cordova-plugin-zip/Plugins/aes/sha1.c"; sourceTree = "<group>"; fileEncoding = undefined; lastKnownFileType = unknown; explicitFileType = undefined; includeInIndex = 0; };
		59607D37D0B3432CA5B452E6 /* SSZipArchive.m */ = {isa = PBXFileReference; name = "SSZipArchive.m"; path = "cordova-plugin-zip/Plugins/minizip/SSZipArchive.m"; sourceTree = "<group>"; fileEncoding = 4; lastKnownFileType = sourcecode.c.objc; explicitFileType = undefined; includeInIndex = 0; };
		F307BF4FECF7420A884093E1 /* zip.c */ = {isa = PBXFileReference; name = "zip.c"; path = "cordova-plugin-zip/Plugins/minizip/zip.c"; sourceTree = "<group>"; fileEncoding = undefined; lastKnownFileType = unknown; explicitFileType = undefined; includeInIndex = 0; };
		91C7EAC84BF647EB830DCD22 /* unzip.c */ = {isa = PBXFileReference; name = "unzip.c"; path = "cordova-plugin-zip/Plugins/minizip/unzip.c"; sourceTree = "<group>"; fileEncoding = undefined; lastKnownFileType = unknown; explicitFileType = undefined; includeInIndex = 0; };
		C434EE36CED74E8F8E0E600A /* mztools.c */ = {isa = PBXFileReference; name = "mztools.c"; path = "cordova-plugin-zip/Plugins/minizip/mztools.c"; sourceTree = "<group>"; fileEncoding = undefined; lastKnownFileType = unknown; explicitFileType = undefined; includeInIndex = 0; };
		D17259B7E9EB48E08652F967 /* ioapi.c */ = {isa = PBXFileReference; name = "ioapi.c"; path = "cordova-plugin-zip/Plugins/minizip/ioapi.c"; sourceTree = "<group>"; fileEncoding = undefined; lastKnownFileType = unknown; explicitFileType = undefined; includeInIndex = 0; };
		23AEBD6DA0E24CE38C542F86 /* ZipPlugin.h */ = {isa = PBXFileReference; name = "ZipPlugin.h"; path = "cordova-plugin-zip/ZipPlugin.h"; sourceTree = "<group>"; fileEncoding = 4; lastKnownFileType = sourcecode.c.h; explicitFileType = undefined; includeInIndex = 0; };
		5C8137F0E67B4AE8AAF8F8F5 /* Common.h */ = {isa = PBXFileReference; name = "Common.h"; path = "cordova-plugin-zip/Common.h"; sourceTree = "<group>"; fileEncoding = 4; lastKnownFileType = sourcecode.c.h; explicitFileType = undefined; includeInIndex = 0; };
		8D047996B9BD442AB4779972 /* aes.h */ = {isa = PBXFileReference; name = "aes.h"; path = "cordova-plugin-zip/Plugins/aes/aes.h"; sourceTree = "<group>"; fileEncoding = 4; lastKnownFileType = sourcecode.c.h; explicitFileType = undefined; includeInIndex = 0; };
		97C9896A48D84E5F9135D3D2 /* aes_via_ace.h */ = {isa = PBXFileReference; name = "aes_via_ace.h"; path = "cordova-plugin-zip/Plugins/aes/aes_via_ace.h"; sourceTree = "<group>"; fileEncoding = 4; lastKnownFileType = sourcecode.c.h; explicitFileType = undefined; includeInIndex = 0; };
		68F5196E32044E8BAEB31EE1 /* aesopt.h */ = {isa = PBXFileReference; name = "aesopt.h"; path = "cordova-plugin-zip/Plugins/aes/aesopt.h"; sourceTree = "<group>"; fileEncoding = 4; lastKnownFileType = sourcecode.c.h; explicitFileType = undefined; includeInIndex = 0; };
		A53E573E4D2D41738425694F /* aestab.h */ = {isa = PBXFileReference; name = "aestab.h"; path = "cordova-plugin-zip/Plugins/aes/aestab.h"; sourceTree = "<group>"; fileEncoding = 4; lastKnownFileType = sourcecode.c.h; explicitFileType = undefined; includeInIndex = 0; };
		0AEE92FB273944ECBEB6BC31 /* brg_endian.h */ = {isa = PBXFileReference; name = "brg_endian.h"; path = "cordova-plugin-zip/Plugins/aes/brg_endian.h"; sourceTree = "<group>"; fileEncoding = 4; lastKnownFileType = sourcecode.c.h; explicitFileType = undefined; includeInIndex = 0; };
		BDDDDDAB907D427D9AD1D850 /* brg_types.h */ = {isa = PBXFileReference; name = "brg_types.h"; path = "cordova-plugin-zip/Plugins/aes/brg_types.h"; sourceTree = "<group>"; fileEncoding = 4; lastKnownFileType = sourcecode.c.h; explicitFileType = undefined; includeInIndex = 0; };
		1EEFDCF30C9F44FF8BF0BC40 /* entropy.h */ = {isa = PBXFileReference; name = "entropy.h"; path = "cordova-plugin-zip/Plugins/aes/entropy.h"; sourceTree = "<group>"; fileEncoding = 4; lastKnownFileType = sourcecode.c.h; explicitFileType = undefined; includeInIndex = 0; };
		C342E4181FAE438BB422045F /* fileenc.h */ = {isa = PBXFileReference; name = "fileenc.h"; path = "cordova-plugin-zip/Plugins/aes/fileenc.h"; sourceTree = "<group>"; fileEncoding = 4; lastKnownFileType = sourcecode.c.h; explicitFileType = undefined; includeInIndex = 0; };
		9501819D4DBC4B9CA0ECC3B8 /* hmac.h */ = {isa = PBXFileReference; name = "hmac.h"; path = "cordova-plugin-zip/Plugins/aes/hmac.h"; sourceTree = "<group>"; fileEncoding = 4; lastKnownFileType = sourcecode.c.h; explicitFileType = undefined; includeInIndex = 0; };
		00A2DB32A17542FCB03373B7 /* prng.h */ = {isa = PBXFileReference; name = "prng.h"; path = "cordova-plugin-zip/Plugins/aes/prng.h"; sourceTree = "<group>"; fileEncoding = 4; lastKnownFileType = sourcecode.c.h; explicitFileType = undefined; includeInIndex = 0; };
		49EB79CA427D4F0EB45AA1AA /* pwd2key.h */ = {isa = PBXFileReference; name = "pwd2key.h"; path = "cordova-plugin-zip/Plugins/aes/pwd2key.h"; sourceTree = "<group>"; fileEncoding = 4; lastKnownFileType = sourcecode.c.h; explicitFileType = undefined; includeInIndex = 0; };
		4F61E7B8A9BD41EBA9BA589E /* sha1.h */ = {isa = PBXFileReference; name = "sha1.h"; path = "cordova-plugin-zip/Plugins/aes/sha1.h"; sourceTree = "<group>"; fileEncoding = 4; lastKnownFileType = sourcecode.c.h; explicitFileType = undefined; includeInIndex = 0; };
		07B22D7F797D4F46A1047E13 /* SSZipArchive.h */ = {isa = PBXFileReference; name = "SSZipArchive.h"; path = "cordova-plugin-zip/Plugins/minizip/SSZipArchive.h"; sourceTree = "<group>"; fileEncoding = 4; lastKnownFileType = sourcecode.c.h; explicitFileType = undefined; includeInIndex = 0; };
		1B11E7DAA84F4157BEB327A7 /* zip.h */ = {isa = PBXFileReference; name = "zip.h"; path = "cordova-plugin-zip/Plugins/minizip/zip.h"; sourceTree = "<group>"; fileEncoding = 4; lastKnownFileType = sourcecode.c.h; explicitFileType = undefined; includeInIndex = 0; };
		F04B21BEF8AC48C79B03718B /* unzip.h */ = {isa = PBXFileReference; name = "unzip.h"; path = "cordova-plugin-zip/Plugins/minizip/unzip.h"; sourceTree = "<group>"; fileEncoding = 4; lastKnownFileType = sourcecode.c.h; explicitFileType = undefined; includeInIndex = 0; };
		8B9FFB0326594E5D9206D8B3 /* mztools.h */ = {isa = PBXFileReference; name = "mztools.h"; path = "cordova-plugin-zip/Plugins/minizip/mztools.h"; sourceTree = "<group>"; fileEncoding = 4; lastKnownFileType = sourcecode.c.h; explicitFileType = undefined; includeInIndex = 0; };
		81AF1A2ACFAB452F8E8F0848 /* ioapi.h */ = {isa = PBXFileReference; name = "ioapi.h"; path = "cordova-plugin-zip/Plugins/minizip/ioapi.h"; sourceTree = "<group>"; fileEncoding = 4; lastKnownFileType = sourcecode.c.h; explicitFileType = undefined; includeInIndex = 0; };
		15D694035A3042E6A51F54B0 /* crypt.h */ = {isa = PBXFileReference; name = "crypt.h"; path = "cordova-plugin-zip/Plugins/minizip/crypt.h"; sourceTree = "<group>"; fileEncoding = 4; lastKnownFileType = sourcecode.c.h; explicitFileType = undefined; includeInIndex = 0; };
		E24B7B86C5CA45C8BE644638 /* libz.dylib */ = {isa = PBXFileReference; name = "libz.dylib"; path = "usr/lib/libz.dylib"; sourceTree = SDKROOT; fileEncoding = undefined; lastKnownFileType = compiled.mach-o.dylib; explicitFileType = undefined; includeInIndex = 0; };
		5E7BDFF2C9664B1C9B2CAD69 /* SQLitePlugin.m */ = {isa = PBXFileReference; name = "SQLitePlugin.m"; path = "cordova-sqlite-storage/SQLitePlugin.m"; sourceTree = "<group>"; fileEncoding = 4; lastKnownFileType = sourcecode.c.objc; explicitFileType = undefined; includeInIndex = 0; };
		BF105F3EA6C44C95B76A2F3D /* PSPDFThreadSafeMutableDictionary.m */ = {isa = PBXFileReference; name = "PSPDFThreadSafeMutableDictionary.m"; path = "cordova-sqlite-storage/PSPDFThreadSafeMutableDictionary.m"; sourceTree = "<group>"; fileEncoding = 4; lastKnownFileType = sourcecode.c.objc; explicitFileType = undefined; includeInIndex = 0; };
		53F02F2A99454FEDA948BE80 /* sqlite3.c */ = {isa = PBXFileReference; name = "sqlite3.c"; path = "cordova-sqlite-storage/sqlite3.c"; sourceTree = "<group>"; fileEncoding = undefined; lastKnownFileType = unknown; explicitFileType = undefined; includeInIndex = 0; };
		634D6688AFD24E348062D272 /* SQLitePlugin.h */ = {isa = PBXFileReference; name = "SQLitePlugin.h"; path = "cordova-sqlite-storage/SQLitePlugin.h"; sourceTree = "<group>"; fileEncoding = 4; lastKnownFileType = sourcecode.c.h; explicitFileType = undefined; includeInIndex = 0; };
		9799D637CC2446F781CE3563 /* PSPDFThreadSafeMutableDictionary.h */ = {isa = PBXFileReference; name = "PSPDFThreadSafeMutableDictionary.h"; path = "cordova-sqlite-storage/PSPDFThreadSafeMutableDictionary.h"; sourceTree = "<group>"; fileEncoding = 4; lastKnownFileType = sourcecode.c.h; explicitFileType = undefined; includeInIndex = 0; };
		547B8C0CA54643A695644062 /* sqlite3.h */ = {isa = PBXFileReference; name = "sqlite3.h"; path = "cordova-sqlite-storage/sqlite3.h"; sourceTree = "<group>"; fileEncoding = 4; lastKnownFileType = sourcecode.c.h; explicitFileType = undefined; includeInIndex = 0; };
		F0457079377549AFBAA67B09 /* BackgroundAudio.m */ = {isa = PBXFileReference; name = "BackgroundAudio.m"; path = "nl.kingsquare.cordova.background-audio/BackgroundAudio.m"; sourceTree = "<group>"; fileEncoding = 4; lastKnownFileType = sourcecode.c.objc; explicitFileType = undefined; includeInIndex = 0; };
		B5408EF49381402D869DFFD1 /* SQLitePlugin.m */ = {isa = PBXFileReference; name = "SQLitePlugin.m"; path = "cordova-sqlite-evcore-extbuild-free/SQLitePlugin.m"; sourceTree = "<group>"; fileEncoding = 4; lastKnownFileType = sourcecode.c.objc; explicitFileType = undefined; includeInIndex = 0; };
		75095E79347D468A99E65FDD /* PSPDFThreadSafeMutableDictionary.m */ = {isa = PBXFileReference; name = "PSPDFThreadSafeMutableDictionary.m"; path = "cordova-sqlite-evcore-extbuild-free/PSPDFThreadSafeMutableDictionary.m"; sourceTree = "<group>"; fileEncoding = 4; lastKnownFileType = sourcecode.c.objc; explicitFileType = undefined; includeInIndex = 0; };
		5EDF8190E61F4BCA9B78F5A5 /* sqlite3_regexp.c */ = {isa = PBXFileReference; name = "sqlite3_regexp.c"; path = "cordova-sqlite-evcore-extbuild-free/sqlite3_regexp.c"; sourceTree = "<group>"; fileEncoding = undefined; lastKnownFileType = unknown; explicitFileType = undefined; includeInIndex = 0; };
		8DB2FBDE1177474C88196344 /* sqlite3_base64.c */ = {isa = PBXFileReference; name = "sqlite3_base64.c"; path = "cordova-sqlite-evcore-extbuild-free/sqlite3_base64.c"; sourceTree = "<group>"; fileEncoding = undefined; lastKnownFileType = unknown; explicitFileType = undefined; includeInIndex = 0; };
		616969874A734A1881782FE1 /* cencode.c */ = {isa = PBXFileReference; name = "cencode.c"; path = "cordova-sqlite-evcore-extbuild-free/cencode.c"; sourceTree = "<group>"; fileEncoding = undefined; lastKnownFileType = unknown; explicitFileType = undefined; includeInIndex = 0; };
		C097EF4AB0F341B681A7A6BB /* sqlite3.c */ = {isa = PBXFileReference; name = "sqlite3.c"; path = "cordova-sqlite-evcore-extbuild-free/sqlite3.c"; sourceTree = "<group>"; fileEncoding = undefined; lastKnownFileType = unknown; explicitFileType = undefined; includeInIndex = 0; };
		123B6B1F2D2746E49C26168C /* SQLitePlugin.h */ = {isa = PBXFileReference; name = "SQLitePlugin.h"; path = "cordova-sqlite-evcore-extbuild-free/SQLitePlugin.h"; sourceTree = "<group>"; fileEncoding = 4; lastKnownFileType = sourcecode.c.h; explicitFileType = undefined; includeInIndex = 0; };
		05E0FD47281C4F8DB9DC4B62 /* PSPDFThreadSafeMutableDictionary.h */ = {isa = PBXFileReference; name = "PSPDFThreadSafeMutableDictionary.h"; path = "cordova-sqlite-evcore-extbuild-free/PSPDFThreadSafeMutableDictionary.h"; sourceTree = "<group>"; fileEncoding = 4; lastKnownFileType = sourcecode.c.h; explicitFileType = undefined; includeInIndex = 0; };
		B4BF37B580D94B18BAA81666 /* sqlite3_regexp.h */ = {isa = PBXFileReference; name = "sqlite3_regexp.h"; path = "cordova-sqlite-evcore-extbuild-free/sqlite3_regexp.h"; sourceTree = "<group>"; fileEncoding = 4; lastKnownFileType = sourcecode.c.h; explicitFileType = undefined; includeInIndex = 0; };
		8350E491A32B44E38243C39A /* sqlite3_base64.h */ = {isa = PBXFileReference; name = "sqlite3_base64.h"; path = "cordova-sqlite-evcore-extbuild-free/sqlite3_base64.h"; sourceTree = "<group>"; fileEncoding = 4; lastKnownFileType = sourcecode.c.h; explicitFileType = undefined; includeInIndex = 0; };
		FAAC0D1E52A144F3B06FB84B /* cencode.h */ = {isa = PBXFileReference; name = "cencode.h"; path = "cordova-sqlite-evcore-extbuild-free/cencode.h"; sourceTree = "<group>"; fileEncoding = 4; lastKnownFileType = sourcecode.c.h; explicitFileType = undefined; includeInIndex = 0; };
		48EA1C9FDB174A5A95DC388F /* sqlite3.h */ = {isa = PBXFileReference; name = "sqlite3.h"; path = "cordova-sqlite-evcore-extbuild-free/sqlite3.h"; sourceTree = "<group>"; fileEncoding = 4; lastKnownFileType = sourcecode.c.h; explicitFileType = undefined; includeInIndex = 0; };
/* End PBXFileReference section */

/* Begin PBXFrameworksBuildPhase section */
		1D60588F0D05DD3D006BFB54 /* Frameworks */ = {
			isa = PBXFrameworksBuildPhase;
			buildActionMask = 2147483647;
			files = (
				301BF552109A68D80062928A /* libCordova.a in Frameworks */,
				3E79921BCFF447EA94A9D29C /* ImageIO.framework in Frameworks */,
				5C62F11346A74FC98D7CEF38 /* CoreLocation.framework in Frameworks */,
				A4E838EFE94F4F6C88D6FB86 /* AVFoundation.framework in Frameworks */,
				EF9D6C4A95D74DB498347781 /* SystemConfiguration.framework in Frameworks */,
				BFF434DBB5434E629EDC3172 /* CoreTelephony.framework in Frameworks */,
				4CDD06FFAB5B4B69B0CBFAE6 /* libz.dylib in Frameworks */,
			);
			runOnlyForDeploymentPostprocessing = 0;
		};
/* End PBXFrameworksBuildPhase section */

/* Begin PBXGroup section */
		080E96DDFE201D6D7F000001 /* Classes */ = {
			isa = PBXGroup;
			children = (
				302D95EE14D2391D003F00A1 /* MainViewController.h */,
				302D95EF14D2391D003F00A1 /* MainViewController.m */,
				302D95F014D2391D003F00A1 /* MainViewController.xib */,
				1D3623240D0F684500981E51 /* AppDelegate.h */,
				1D3623250D0F684500981E51 /* AppDelegate.m */,
			);
			name = Classes;
			path = "مگ‌آموز/Classes";
			sourceTree = SOURCE_ROOT;
		};
		19C28FACFE9D520D11CA2CBB /* Products */ = {
			isa = PBXGroup;
			children = (
				1D6058910D05DD3D006BFB54 /* مگ‌آموز.app */,
			);
			name = Products;
			sourceTree = "<group>";
		};
		29B97314FDCFA39411CA2CEA /* CustomTemplate */ = {
			isa = PBXGroup;
			children = (
				EB87FDF41871DAF40020F90C /* config.xml */,
				EB87FDF31871DA8E0020F90C /* www */,
				EB87FDF11871DA420020F90C /* Staging */,
				301BF52D109A57CC0062928A /* CordovaLib.xcodeproj */,
				080E96DDFE201D6D7F000001 /* Classes */,
				307C750510C5A3420062BCA9 /* Plugins */,
				29B97315FDCFA39411CA2CEA /* Other Sources */,
				29B97317FDCFA39411CA2CEA /* Resources */,
				29B97323FDCFA39411CA2CEA /* Frameworks */,
				19C28FACFE9D520D11CA2CBB /* Products */,
			);
			name = CustomTemplate;
			sourceTree = "<group>";
		};
		29B97315FDCFA39411CA2CEA /* Other Sources */ = {
			isa = PBXGroup;
			children = (
				32CA4F630368D1EE00C91783 /* مگ‌آموز-Prefix.pch */,
				29B97316FDCFA39411CA2CEA /* main.m */,
				ED33DF2A687741AEAF9F8254 /* Bridging-Header.h */,
			);
			name = "Other Sources";
			path = "مگ‌آموز";
			sourceTree = "<group>";
		};
		29B97317FDCFA39411CA2CEA /* Resources */ = {
			isa = PBXGroup;
			children = (
				0207DA571B56EA530066E2B4 /* Images.xcassets */,
				3047A50E1AB8057F00498E2A /* config */,
				8D1107310486CEB800E47090 /* مگ‌آموز-Info.plist */,
				6AFF5BF81D6E424B00AB3073 /* CDVLaunchScreen.storyboard */,
				34D603A831E5417CBE508754 /* GoogleService-Info.plist */,
				696C62F824D44916AD50D4F2 /* CDVCapture.bundle */,
			);
			name = Resources;
			path = "مگ‌آموز/Resources";
			sourceTree = "<group>";
		};
		29B97323FDCFA39411CA2CEA /* Frameworks */ = {
			isa = PBXGroup;
			children = (
				20A359860E4E434291EE45BD /* ImageIO.framework */,
				24E8D4D54DDD42649CC12365 /* CoreLocation.framework */,
				82C117BC1022480087BF7084 /* AVFoundation.framework */,
				875718199FE446DE9C5D493A /* SystemConfiguration.framework */,
				12342B89F5DB40D184500C36 /* CoreTelephony.framework */,
				E24B7B86C5CA45C8BE644638 /* libz.dylib */,
			);
			name = Frameworks;
			sourceTree = "<group>";
		};
		301BF52E109A57CC0062928A /* Products */ = {
			isa = PBXGroup;
			children = (
				301BF535109A57CC0062928A /* libCordova.a */,
			);
			name = Products;
			sourceTree = "<group>";
		};
		3047A50E1AB8057F00498E2A /* config */ = {
			isa = PBXGroup;
			children = (
				3047A50F1AB8059700498E2A /* build-debug.xcconfig */,
				3047A5101AB8059700498E2A /* build-release.xcconfig */,
				3047A5111AB8059700498E2A /* build.xcconfig */,
			);
			name = config;
			sourceTree = "<group>";
		};
		307C750510C5A3420062BCA9 /* Plugins */ = {
			isa = PBXGroup;
			children = (
				4533BCBCF7374F80A41D2971 /* CDVClipboard.m */,
				13F0AA02FCDB4731899F88B2 /* CDVClipboard.h */,
				AA8B31B433D5447EA6C6BFD8 /* APPBadge.m */,
				B0F6F3FEB0E8445FBEAE0DBA /* APPBadge.h */,
				A275BC1A3F27411EAB1AB3E7 /* UIImage+CropScaleOrientation.m */,
				7D1013F2B932473EAC90274D /* CDVCamera.m */,
				2C8C8B2D2C0046558E04CED1 /* CDVJpegHeaderWriter.m */,
				99ACD68792C14D129925CDC4 /* UIImage+CropScaleOrientation.h */,
				218E8A6059D346AEA4112EA2 /* CDVCamera.h */,
				D626AE7603BB4CA3BD55B5B1 /* CDVJpegHeaderWriter.h */,
				95B41700E3CC4337A52D345F /* CDVExif.h */,
				9D6E029AF4FD4096B3053360 /* CDVDevice.m */,
				8219B8D5922F434BB213DD6C /* CDVDevice.h */,
				56F869D2B0A247E98E845E39 /* CDVFile.m */,
				735050C493F74B3881E1B9BF /* CDVLocalFilesystem.m */,
				A04E4EACBFE64662B4F102AB /* CDVAssetLibraryFilesystem.m */,
				C633512FA76847C1A67A4D7B /* CDVFile.h */,
				B5A90E05A8CB4341B5135E27 /* CDVLocalFilesystem.h */,
				A28BB10BB2B1445AA8E98471 /* CDVAssetLibraryFilesystem.h */,
				A26133142447447E838DC682 /* FileOpener2.m */,
				014537B58F1E4CCCBB1C56A0 /* FileOpener2.h */,
				AEF1C49E814D4433B110C1B7 /* CDVFileTransfer.m */,
				9689CE11690742EBB54CC6D1 /* CDVFileTransfer.h */,
				5E1AB948900D4A39BEAAC7DD /* CDVGlobalization.m */,
				F74485BC36E541DCB885E61A /* CDVGlobalization.h */,
				FAA04D96D23C4726A639F64B /* CDVInAppBrowser.m */,
				416C7C56A30449C380B11AAA /* CDVInAppBrowser.h */,
				018CBC50B0324A708A765628 /* CDVIonicKeyboard.m */,
				2E3E146380304A6EBCC09CDC /* CDVIonicKeyboard.h */,
				E721A464FDA544E8891950ED /* CDVCapture.m */,
				23E06EF422AB405E9CFC2C77 /* CDVCapture.h */,
				55278986F55449DAB4FF0789 /* CDVConnection.m */,
				8B8EBED5622A41619423AC95 /* CDVReachability.m */,
				499D3FFF5F1646EBAE552967 /* CDVConnection.h */,
				277C91C604AF4C0CB4318A19 /* CDVReachability.h */,
				572BCB441C0247F2AD86F107 /* CDVOrientation.m */,
				93DD65723A904DC8AF706A23 /* CDVOrientation.h */,
				9620912EACE04436965D0635 /* CDVSplashScreen.m */,
				DC33C0E3BFD4416C8F22F57D /* CDVViewController+SplashScreen.m */,
				29A41A666C534B44BE9DAE39 /* CDVSplashScreen.h */,
				CB147EDD2D764365A219129F /* CDVViewController+SplashScreen.h */,
				1CFB5F5FAEDF41A3B33B321E /* CDVStatusBar.m */,
				A5C1966456B74926A7B2C2C1 /* CDVStatusBar.h */,
				E5D9960C96D54741826B87B9 /* ZipPlugin.m */,
				EEA567BAF3504EA8A1012BDA /* aescrypt.c */,
				E0964C0C739649AA9FEF4EA0 /* aeskey.c */,
				1F3F99BBE3FE4B13B35DA3BE /* aestab.c */,
				690833C2D1CC480B99D79C4D /* entropy.c */,
				429D94BCC2BA449D8140362B /* fileenc.c */,
				BCEE7BBE318A42B3BE76A491 /* hmac.c */,
				605E0FAB290B43A485124D4D /* prng.c */,
				0D61E6886CA042D8B7B04875 /* pwd2key.c */,
				D2E7DB9AF416495B80B373FD /* sha1.c */,
				59607D37D0B3432CA5B452E6 /* SSZipArchive.m */,
				F307BF4FECF7420A884093E1 /* zip.c */,
				91C7EAC84BF647EB830DCD22 /* unzip.c */,
				C434EE36CED74E8F8E0E600A /* mztools.c */,
				D17259B7E9EB48E08652F967 /* ioapi.c */,
				23AEBD6DA0E24CE38C542F86 /* ZipPlugin.h */,
				5C8137F0E67B4AE8AAF8F8F5 /* Common.h */,
				8D047996B9BD442AB4779972 /* aes.h */,
				97C9896A48D84E5F9135D3D2 /* aes_via_ace.h */,
				68F5196E32044E8BAEB31EE1 /* aesopt.h */,
				A53E573E4D2D41738425694F /* aestab.h */,
				0AEE92FB273944ECBEB6BC31 /* brg_endian.h */,
				BDDDDDAB907D427D9AD1D850 /* brg_types.h */,
				1EEFDCF30C9F44FF8BF0BC40 /* entropy.h */,
				C342E4181FAE438BB422045F /* fileenc.h */,
				9501819D4DBC4B9CA0ECC3B8 /* hmac.h */,
				00A2DB32A17542FCB03373B7 /* prng.h */,
				49EB79CA427D4F0EB45AA1AA /* pwd2key.h */,
				4F61E7B8A9BD41EBA9BA589E /* sha1.h */,
				07B22D7F797D4F46A1047E13 /* SSZipArchive.h */,
				1B11E7DAA84F4157BEB327A7 /* zip.h */,
				F04B21BEF8AC48C79B03718B /* unzip.h */,
				8B9FFB0326594E5D9206D8B3 /* mztools.h */,
				81AF1A2ACFAB452F8E8F0848 /* ioapi.h */,
				15D694035A3042E6A51F54B0 /* crypt.h */,
				5E7BDFF2C9664B1C9B2CAD69 /* SQLitePlugin.m */,
				BF105F3EA6C44C95B76A2F3D /* PSPDFThreadSafeMutableDictionary.m */,
				53F02F2A99454FEDA948BE80 /* sqlite3.c */,
				634D6688AFD24E348062D272 /* SQLitePlugin.h */,
				9799D637CC2446F781CE3563 /* PSPDFThreadSafeMutableDictionary.h */,
				547B8C0CA54643A695644062 /* sqlite3.h */,
				F0457079377549AFBAA67B09 /* BackgroundAudio.m */,
				B5408EF49381402D869DFFD1 /* SQLitePlugin.m */,
				75095E79347D468A99E65FDD /* PSPDFThreadSafeMutableDictionary.m */,
				5EDF8190E61F4BCA9B78F5A5 /* sqlite3_regexp.c */,
				8DB2FBDE1177474C88196344 /* sqlite3_base64.c */,
				616969874A734A1881782FE1 /* cencode.c */,
				C097EF4AB0F341B681A7A6BB /* sqlite3.c */,
				123B6B1F2D2746E49C26168C /* SQLitePlugin.h */,
				05E0FD47281C4F8DB9DC4B62 /* PSPDFThreadSafeMutableDictionary.h */,
				B4BF37B580D94B18BAA81666 /* sqlite3_regexp.h */,
				8350E491A32B44E38243C39A /* sqlite3_base64.h */,
				FAAC0D1E52A144F3B06FB84B /* cencode.h */,
				48EA1C9FDB174A5A95DC388F /* sqlite3.h */,
			);
			name = Plugins;
			path = "مگ‌آموز/Plugins";
			sourceTree = SOURCE_ROOT;
		};
		EB87FDF11871DA420020F90C /* Staging */ = {
			isa = PBXGroup;
			children = (
				F840E1F0165FE0F500CFE078 /* config.xml */,
				301BF56E109A69640062928A /* www */,
			);
			name = Staging;
			sourceTree = "<group>";
		};
/* End PBXGroup section */

/* Begin PBXNativeTarget section */
		1D6058900D05DD3D006BFB54 /* مگ‌آموز */ = {
			isa = PBXNativeTarget;
			buildConfigurationList = 1D6058960D05DD3E006BFB54 /* Build configuration list for PBXNativeTarget "مگ‌آموز" */;
			buildPhases = (
				304B58A110DAC018002A0835 /* Copy www directory */,
				1D60588D0D05DD3D006BFB54 /* Resources */,
				1D60588E0D05DD3D006BFB54 /* Sources */,
				1D60588F0D05DD3D006BFB54 /* Frameworks */,
			);
			buildRules = (
			);
			dependencies = (
				301BF551109A68C00062928A /* PBXTargetDependency */,
			);
			name = "مگ‌آموز";
			productName = "مگ‌آموز";
			productReference = 1D6058910D05DD3D006BFB54 /* مگ‌آموز.app */;
			productType = "com.apple.product-type.application";
		};
/* End PBXNativeTarget section */

/* Begin PBXProject section */
		29B97313FDCFA39411CA2CEA /* Project object */ = {
			isa = PBXProject;
			attributes = {
				LastUpgradeCheck = 510;
			};
			buildConfigurationList = C01FCF4E08A954540054247B /* Build configuration list for PBXProject "__NON-CLI__" */;
			compatibilityVersion = "Xcode 3.2";
			developmentRegion = English;
			hasScannedForEncodings = 1;
			mainGroup = 29B97314FDCFA39411CA2CEA /* CustomTemplate */;
			projectDirPath = "";
			projectReferences = (
				{
					ProductGroup = 301BF52E109A57CC0062928A /* Products */;
					ProjectRef = 301BF52D109A57CC0062928A /* CordovaLib.xcodeproj */;
				},
			);
			projectRoot = "";
			targets = (
				1D6058900D05DD3D006BFB54 /* مگ‌آموز */,
			);
		};
/* End PBXProject section */

/* Begin PBXReferenceProxy section */
		301BF535109A57CC0062928A /* libCordova.a */ = {
			isa = PBXReferenceProxy;
			fileType = archive.ar;
			path = libCordova.a;
			remoteRef = 301BF534109A57CC0062928A /* PBXContainerItemProxy */;
			sourceTree = BUILT_PRODUCTS_DIR;
		};
/* End PBXReferenceProxy section */

/* Begin PBXResourcesBuildPhase section */
		1D60588D0D05DD3D006BFB54 /* Resources */ = {
			isa = PBXResourcesBuildPhase;
			buildActionMask = 2147483647;
			files = (
				302D95F214D2391D003F00A1 /* MainViewController.xib in Resources */,
				0207DA581B56EA530066E2B4 /* Images.xcassets in Resources */,
				6AFF5BF91D6E424B00AB3073 /* CDVLaunchScreen.storyboard in Resources */,
				3A6D54D6B1124F7095E80009 /* GoogleService-Info.plist in Resources */,
				0E0E4671DD0A4AAA8041D6CA /* CDVCapture.bundle in Resources */,
			);
			runOnlyForDeploymentPostprocessing = 0;
		};
/* End PBXResourcesBuildPhase section */

/* Begin PBXShellScriptBuildPhase section */
		304B58A110DAC018002A0835 /* Copy www directory */ = {
			isa = PBXShellScriptBuildPhase;
			buildActionMask = 2147483647;
			files = (
			);
			inputPaths = (
			);
			name = "Copy www directory";
			outputPaths = (
			);
			runOnlyForDeploymentPostprocessing = 0;
			shellPath = /bin/sh;
			shellScript = "NODEJS_PATH=/usr/local/bin; NVM_NODE_PATH=~/.nvm/versions/node/`nvm version 2>/dev/null`/bin; N_NODE_PATH=`find /usr/local/n/versions/node/* -maxdepth 0 -type d 2>/dev/null | tail -1`/bin; XCODE_NODE_PATH=`xcode-select --print-path`/usr/share/xcs/Node/bin; PATH=$NODEJS_PATH:$NVM_NODE_PATH:$N_NODE_PATH:$XCODE_NODE_PATH:$PATH && node cordova/lib/copy-www-build-step.js";
			showEnvVarsInLog = 0;
		};
/* End PBXShellScriptBuildPhase section */

/* Begin PBXSourcesBuildPhase section */
		1D60588E0D05DD3D006BFB54 /* Sources */ = {
			isa = PBXSourcesBuildPhase;
			buildActionMask = 2147483647;
			files = (
				1D60589B0D05DD56006BFB54 /* main.m in Sources */,
				1D3623260D0F684500981E51 /* AppDelegate.m in Sources */,
				302D95F114D2391D003F00A1 /* MainViewController.m in Sources */,
				96CCB511848C4A9792D760CA /* CDVClipboard.m in Sources */,
				AD4FB4FD2D6C42DE8FB62722 /* APPBadge.m in Sources */,
				695276950F7E40CCB51FB92A /* UIImage+CropScaleOrientation.m in Sources */,
				1A51E065AA8343B9A41008B2 /* CDVCamera.m in Sources */,
				FDB27A5E05F94B25919E1A10 /* CDVJpegHeaderWriter.m in Sources */,
				7D1E6F05468F4E8188D5AED0 /* CDVDevice.m in Sources */,
				786CFC2DEABF4B11911A5471 /* CDVFile.m in Sources */,
				4E5BE72834C644B1BB5DA2E4 /* CDVLocalFilesystem.m in Sources */,
				8DDCEB837A8B4B9182232FBB /* CDVAssetLibraryFilesystem.m in Sources */,
				C51AD01C24E14AE6B9360396 /* FileOpener2.m in Sources */,
				6F29F33CB9AC44BBA9B4CF70 /* CDVFileTransfer.m in Sources */,
				81F86106EAE94BD9ACD51024 /* CDVGlobalization.m in Sources */,
				5E1EEF1B44874B5E98B0A7BD /* CDVInAppBrowser.m in Sources */,
				4F5CA5408AC54F25AF4131A3 /* CDVIonicKeyboard.m in Sources */,
				5328014C96DC4A05AD9864E5 /* CDVCapture.m in Sources */,
				3AACC2201BDF49B7A081DDD2 /* CDVConnection.m in Sources */,
				533D6145A6124F4E8340ADCA /* CDVReachability.m in Sources */,
				022B22ECAA4045F4A2DC0BAE /* CDVOrientation.m in Sources */,
				7C1E80F14A3F491890896964 /* CDVSplashScreen.m in Sources */,
				E050EDFA76D145F18473D2F6 /* CDVViewController+SplashScreen.m in Sources */,
				C084949E4BBE497390E4060E /* CDVStatusBar.m in Sources */,
				01EE154B238240D0A2935902 /* ZipPlugin.m in Sources */,
				FB3ABE5EFC06448AA4B4A509 /* aescrypt.c in Resources */,
				B6DFC65119E1401D842436C6 /* aeskey.c in Resources */,
				79F04E7B9B954BFBA019698D /* aestab.c in Resources */,
				8CF05E96AA9C496D9BFF5BF3 /* entropy.c in Resources */,
				08CF476984A249A58558F9A1 /* fileenc.c in Resources */,
				3F81A92ADF2F4059B84BBD33 /* hmac.c in Resources */,
				DFB67DD132784CAF8EE2007C /* prng.c in Resources */,
				5F146AE22CC94641A1EB5DC0 /* pwd2key.c in Resources */,
				AC2951B8879D4A54B6517374 /* sha1.c in Resources */,
				A860F2D70B5242D29C8E1D12 /* SSZipArchive.m in Sources */,
				245F3562A43344A7A4B81423 /* zip.c in Resources */,
				BB1F3628346649E19E064B50 /* unzip.c in Resources */,
				C1F98762860843B9848E261A /* mztools.c in Resources */,
				096809B83B33450498A1AAAC /* ioapi.c in Resources */,
				CF161C39195F44D7BCBB958C /* SQLitePlugin.m in Sources */,
				6F4B34296F0E4162929F95D1 /* PSPDFThreadSafeMutableDictionary.m in Sources */,
				75CACFFB7F1045D892A4166F /* sqlite3.c in Resources */,
				769C2166153D41EB8E99192F /* BackgroundAudio.m in Sources */,
				BC446A5DAF084973B4EE9F02 /* SQLitePlugin.m in Sources */,
				215DF99DABDE4122A3B4D935 /* PSPDFThreadSafeMutableDictionary.m in Sources */,
				45F80C33F9CC4FCE83CAD70D /* sqlite3_regexp.c in Resources */,
				4ABF7594F4B2433C88979113 /* sqlite3_base64.c in Resources */,
				C2990DE63A98473D8D8DA551 /* cencode.c in Resources */,
				8CA4DF31A39947179B9CD037 /* sqlite3.c in Resources */,
			);
			runOnlyForDeploymentPostprocessing = 0;
		};
/* End PBXSourcesBuildPhase section */

/* Begin PBXTargetDependency section */
		301BF551109A68C00062928A /* PBXTargetDependency */ = {
			isa = PBXTargetDependency;
			name = CordovaLib;
			targetProxy = 301BF550109A68C00062928A /* PBXContainerItemProxy */;
		};
/* End PBXTargetDependency section */

/* Begin XCBuildConfiguration section */
		1D6058940D05DD3E006BFB54 /* Debug */ = {
			isa = XCBuildConfiguration;
			baseConfigurationReference = 3047A50F1AB8059700498E2A /* build-debug.xcconfig */;
			buildSettings = {
				ALWAYS_SEARCH_USER_PATHS = NO;
				ASSETCATALOG_COMPILER_APPICON_NAME = AppIcon;
				ASSETCATALOG_COMPILER_LAUNCHIMAGE_NAME = LaunchImage;
				CLANG_ENABLE_MODULES = YES;
				CLANG_ENABLE_OBJC_ARC = YES;
				COPY_PHASE_STRIP = NO;
				GCC_DYNAMIC_NO_PIC = NO;
				GCC_OPTIMIZATION_LEVEL = 0;
				GCC_PRECOMPILE_PREFIX_HEADER = YES;
				GCC_PREFIX_HEADER = "مگ‌آموز/مگ‌آموز-Prefix.pch";
				GCC_THUMB_SUPPORT = NO;
				GCC_VERSION = "";
				INFOPLIST_FILE = "مگ‌آموز/مگ‌آموز-Info.plist";
				IPHONEOS_DEPLOYMENT_TARGET = 9.0;
				LD_RUNPATH_SEARCH_PATHS = "@executable_path/Frameworks";
				TARGETED_DEVICE_FAMILY = "1,2";
				PRODUCT_NAME = "مگ‌آموز";
			};
			name = Debug;
		};
		1D6058950D05DD3E006BFB54 /* Release */ = {
			isa = XCBuildConfiguration;
			baseConfigurationReference = 3047A5101AB8059700498E2A /* build-release.xcconfig */;
			buildSettings = {
				ALWAYS_SEARCH_USER_PATHS = NO;
				ASSETCATALOG_COMPILER_APPICON_NAME = AppIcon;
				ASSETCATALOG_COMPILER_LAUNCHIMAGE_NAME = LaunchImage;
				CLANG_ENABLE_MODULES = YES;
				CLANG_ENABLE_OBJC_ARC = YES;
				COPY_PHASE_STRIP = YES;
				GCC_PRECOMPILE_PREFIX_HEADER = YES;
				GCC_PREFIX_HEADER = "مگ‌آموز/مگ‌آموز-Prefix.pch";
				GCC_THUMB_SUPPORT = NO;
				GCC_VERSION = "";
				INFOPLIST_FILE = "مگ‌آموز/مگ‌آموز-Info.plist";
				IPHONEOS_DEPLOYMENT_TARGET = 9.0;
				LD_RUNPATH_SEARCH_PATHS = "@executable_path/Frameworks";
				TARGETED_DEVICE_FAMILY = "1,2";
				PRODUCT_NAME = "مگ‌آموز";
			};
			name = Release;
		};
		C01FCF4F08A954540054247B /* Debug */ = {
			isa = XCBuildConfiguration;
			baseConfigurationReference = 3047A5111AB8059700498E2A /* build.xcconfig */;
			buildSettings = {
				CLANG_ENABLE_MODULES = YES;
				CLANG_ENABLE_OBJC_ARC = YES;
				CLANG_WARN_BOOL_CONVERSION = YES;
				CLANG_WARN_CONSTANT_CONVERSION = YES;
				CLANG_WARN_EMPTY_BODY = YES;
				CLANG_WARN_ENUM_CONVERSION = YES;
				CLANG_WARN_INT_CONVERSION = YES;
				CLANG_WARN__DUPLICATE_METHOD_MATCH = YES;
				GCC_C_LANGUAGE_STANDARD = c99;
				GCC_THUMB_SUPPORT = NO;
				GCC_VERSION = "";
				GCC_WARN_ABOUT_RETURN_TYPE = YES;
				GCC_WARN_UNDECLARED_SELECTOR = YES;
				GCC_WARN_UNINITIALIZED_AUTOS = YES;
				GCC_WARN_UNUSED_FUNCTION = YES;
				GCC_WARN_UNUSED_VARIABLE = YES;
				ONLY_ACTIVE_ARCH = YES;
				SDKROOT = iphoneos;
				SKIP_INSTALL = NO;
				TARGETED_DEVICE_FAMILY = "1,2";
			};
			name = Debug;
		};
		C01FCF5008A954540054247B /* Release */ = {
			isa = XCBuildConfiguration;
			baseConfigurationReference = 3047A5111AB8059700498E2A /* build.xcconfig */;
			buildSettings = {
				CLANG_ENABLE_MODULES = YES;
				CLANG_ENABLE_OBJC_ARC = YES;
				CLANG_WARN_BOOL_CONVERSION = YES;
				CLANG_WARN_CONSTANT_CONVERSION = YES;
				CLANG_WARN_EMPTY_BODY = YES;
				CLANG_WARN_ENUM_CONVERSION = YES;
				CLANG_WARN_INT_CONVERSION = YES;
				CLANG_WARN__DUPLICATE_METHOD_MATCH = YES;
				GCC_C_LANGUAGE_STANDARD = c99;
				GCC_THUMB_SUPPORT = NO;
				GCC_VERSION = "";
				GCC_WARN_ABOUT_RETURN_TYPE = YES;
				GCC_WARN_UNDECLARED_SELECTOR = YES;
				GCC_WARN_UNINITIALIZED_AUTOS = YES;
				GCC_WARN_UNUSED_FUNCTION = YES;
				GCC_WARN_UNUSED_VARIABLE = YES;
				SDKROOT = iphoneos;
				SKIP_INSTALL = NO;
				TARGETED_DEVICE_FAMILY = "1,2";
			};
			name = Release;
		};
/* End XCBuildConfiguration section */

/* Begin XCConfigurationList section */
		1D6058960D05DD3E006BFB54 /* Build configuration list for PBXNativeTarget "مگ‌آموز" */ = {
			isa = XCConfigurationList;
			buildConfigurations = (
				1D6058940D05DD3E006BFB54 /* Debug */,
				1D6058950D05DD3E006BFB54 /* Release */,
			);
			defaultConfigurationIsVisible = 0;
			defaultConfigurationName = Release;
		};
		C01FCF4E08A954540054247B /* Build configuration list for PBXProject "__NON-CLI__" */ = {
			isa = XCConfigurationList;
			buildConfigurations = (
				C01FCF4F08A954540054247B /* Debug */,
				C01FCF5008A954540054247B /* Release */,
			);
			defaultConfigurationIsVisible = 0;
			defaultConfigurationName = Release;
		};
/* End XCConfigurationList section */
	};
	rootObject = 29B97313FDCFA39411CA2CEA /* Project object */;
}
