// !$*UTF8*$!
{
	archiveVersion = 1;
	classes = {
	};
	objectVersion = 46;
	objects = {
/* Begin PBXBuildFile section */
		0207DA581B56EA530066E2B4 /* Images.xcassets in Resources */ = {isa = PBXBuildFile; fileRef = 0207DA571B56EA530066E2B4 /* Images.xcassets */; };
		1D3623260D0F684500981E51 /* AppDelegate.m in Sources */ = {isa = PBXBuildFile; fileRef = 1D3623250D0F684500981E51 /* AppDelegate.m */; };
		1D60589B0D05DD56006BFB54 /* main.m in Sources */ = {isa = PBXBuildFile; fileRef = 29B97316FDCFA39411CA2CEA /* main.m */; };
		301BF552109A68D80062928A /* libCordova.a in Frameworks */ = {isa = PBXBuildFile; fileRef = 301BF535109A57CC0062928A /* libCordova.a */; };
		302D95F114D2391D003F00A1 /* MainViewController.m in Sources */ = {isa = PBXBuildFile; fileRef = 302D95EF14D2391D003F00A1 /* MainViewController.m */; };
		302D95F214D2391D003F00A1 /* MainViewController.xib in Resources */ = {isa = PBXBuildFile; fileRef = 302D95F014D2391D003F00A1 /* MainViewController.xib */; };
		3047A5121AB8059700498E2A /* build-debug.xcconfig in Resources */ = {isa = PBXBuildFile; fileRef = 3047A50F1AB8059700498E2A /* build-debug.xcconfig */; };
		3047A5131AB8059700498E2A /* build-release.xcconfig in Resources */ = {isa = PBXBuildFile; fileRef = 3047A5101AB8059700498E2A /* build-release.xcconfig */; };
		3047A5141AB8059700498E2A /* build.xcconfig in Resources */ = {isa = PBXBuildFile; fileRef = 3047A5111AB8059700498E2A /* build.xcconfig */; };
		6AFF5BF91D6E424B00AB3073 /* CDVLaunchScreen.storyboard in Resources */ = {isa = PBXBuildFile; fileRef = 6AFF5BF81D6E424B00AB3073 /* CDVLaunchScreen.storyboard */; };
		2C134971A5D846DE9D076B67 /* GoogleService-Info.plist in Resources */ = {isa = PBXBuildFile; fileRef = C89AE44472EA44379113986F /* GoogleService-Info.plist */; };
		91D30A97E1AE499993BBA347 /* CDVClipboard.m in Sources */ = {isa = PBXBuildFile; fileRef = 8E9070403CA94E0FAD5BEAF2 /* CDVClipboard.m */; };
		E46C20D2367A4938AF2CE5B7 /* APPBadge.m in Sources */ = {isa = PBXBuildFile; fileRef = 181255E1F1434F9286CCD59C /* APPBadge.m */; };
		800BA883CD7E42D7AFADE710 /* UIImage+CropScaleOrientation.m in Sources */ = {isa = PBXBuildFile; fileRef = A16631587B894EA29E30DA26 /* UIImage+CropScaleOrientation.m */; };
		49A4301CF3174459B1BB93E2 /* CDVCamera.m in Sources */ = {isa = PBXBuildFile; fileRef = C083B8666DC64519AA28F196 /* CDVCamera.m */; };
		6BBEF6D3407649D2B65E7DF8 /* CDVJpegHeaderWriter.m in Sources */ = {isa = PBXBuildFile; fileRef = A329D42CA1924760A6278AC9 /* CDVJpegHeaderWriter.m */; };
		8F72C3339D9C473BB3BE3BA6 /* ImageIO.framework in Frameworks */ = {isa = PBXBuildFile; fileRef = 25952116CD9C49B1AFCA0DB3 /* ImageIO.framework */; settings = {ATTRIBUTES = (Weak, ); }; };
		6C6DCD86317744F485549E4A /* CoreLocation.framework in Frameworks */ = {isa = PBXBuildFile; fileRef = A9DBE43858F548AEB37CECDC /* CoreLocation.framework */; };
		C2F8ACE643214F8E8F6172E3 /* AVFoundation.framework in Frameworks */ = {isa = PBXBuildFile; fileRef = 1135C77FDD0D47DEA0338DE1 /* AVFoundation.framework */; };
		F1ABE08CD7B9495DA0AAC6FC /* CDVDevice.m in Sources */ = {isa = PBXBuildFile; fileRef = F20A17CEC84E49BCBA3806AE /* CDVDevice.m */; };
		7B93725F2BAB44B8B894B1DC /* CDVFile.m in Sources */ = {isa = PBXBuildFile; fileRef = 1426BB4352CC46F381BD13D3 /* CDVFile.m */; };
		4DD9C459C5BA4FF997CA8792 /* CDVLocalFilesystem.m in Sources */ = {isa = PBXBuildFile; fileRef = 1AA83921FC1E4426A34B9AB0 /* CDVLocalFilesystem.m */; };
		1ECD7B2DF8AB47808CD1B74E /* CDVAssetLibraryFilesystem.m in Sources */ = {isa = PBXBuildFile; fileRef = AC9DD8C9D13D427CA06F6138 /* CDVAssetLibraryFilesystem.m */; };
		AE6053D5C64E4AF7983181A4 /* FileOpener2.m in Sources */ = {isa = PBXBuildFile; fileRef = 09E0C0FAA670476DAF2FA6FE /* FileOpener2.m */; };
		F345B9236A9A4EA0974772ED /* CDVFileTransfer.m in Sources */ = {isa = PBXBuildFile; fileRef = AA42E83AAEDE43FB9E1C1190 /* CDVFileTransfer.m */; };
		4FB3852FD9D340A48626DCF2 /* CDVGlobalization.m in Sources */ = {isa = PBXBuildFile; fileRef = 95603FB5518740E08D891EEA /* CDVGlobalization.m */; };
		D2EA4C9044CD42F5916E7C13 /* CDVInAppBrowser.m in Sources */ = {isa = PBXBuildFile; fileRef = F21C9030E6694713B5EE2EBF /* CDVInAppBrowser.m */; };
		B6207DAED165438D94AE4E14 /* CDVInAppBrowserOptions.m in Sources */ = {isa = PBXBuildFile; fileRef = 69C1E62D20934D468F015F9A /* CDVInAppBrowserOptions.m */; };
		3689B5917C6B4FFFA6C671C5 /* CDVInAppBrowserNavigationController.m in Sources */ = {isa = PBXBuildFile; fileRef = 4A579BA4814D47DDB6B25FFC /* CDVInAppBrowserNavigationController.m */; };
		9B16380D3D89461FB666F1BE /* CDVUIInAppBrowser.m in Sources */ = {isa = PBXBuildFile; fileRef = C0832E6873544603A776BA81 /* CDVUIInAppBrowser.m */; };
		C57D20C4933A4E129C3BB1BD /* CDVWKInAppBrowser.m in Sources */ = {isa = PBXBuildFile; fileRef = 99BAA243709B4E7AB78CD2C2 /* CDVWKInAppBrowser.m */; };
		7D00BA11B4A04EF69C512261 /* CDVWKInAppBrowserUIDelegate.m in Sources */ = {isa = PBXBuildFile; fileRef = EA9CB0F61B074B6BB9344176 /* CDVWKInAppBrowserUIDelegate.m */; };
		0400313F7D09428FA021D4AD /* CDVIonicKeyboard.m in Sources */ = {isa = PBXBuildFile; fileRef = AA9F9F704C044AAEAB20EEC9 /* CDVIonicKeyboard.m */; };
		EBEEE4AD02F243AC84195B85 /* APPLocalNotification.m in Sources */ = {isa = PBXBuildFile; fileRef = FFC6B0CC58FC4EB98C9B9933 /* APPLocalNotification.m */; };
		58EED314EA6447CA9E242C12 /* APPNotificationCategory.m in Sources */ = {isa = PBXBuildFile; fileRef = 3E41743C299A4309B5A6F0AF /* APPNotificationCategory.m */; };
		4C13044273654525A3705E15 /* APPNotificationContent.m in Sources */ = {isa = PBXBuildFile; fileRef = D352533C3B8E42FA9B384E0C /* APPNotificationContent.m */; };
		412680F050BD4EC6AA513C22 /* APPNotificationOptions.m in Sources */ = {isa = PBXBuildFile; fileRef = C9E416FCBB774DAF9E647FE1 /* APPNotificationOptions.m */; };
		BFCE3F5BCF734B69AA41BB22 /* UNUserNotificationCenter+APPLocalNotification.m in Sources */ = {isa = PBXBuildFile; fileRef = D21E1AA67ABA48AAB842747C /* UNUserNotificationCenter+APPLocalNotification.m */; };
		D9D5E713D7B941C79B5EFEEE /* UNNotificationRequest+APPLocalNotification.m in Sources */ = {isa = PBXBuildFile; fileRef = EC7877F3C36942D091F6A7A9 /* UNNotificationRequest+APPLocalNotification.m */; };
		AC30A485E5CC4EB299341425 /* UserNotifications.framework in Frameworks */ = {isa = PBXBuildFile; fileRef = 07A8D69FBB654780AA269C6E /* UserNotifications.framework */; };
		8A11AE359DBE41F3A7B9AB25 /* CDVCapture.m in Sources */ = {isa = PBXBuildFile; fileRef = 3A55911B71A84E8CBDC6BB5A /* CDVCapture.m */; };
		8880598E4D014C7DA3BCD67B /* CDVCapture.bundle in Resources */ = {isa = PBXBuildFile; fileRef = 075693AA525A4CDB856AD998 /* CDVCapture.bundle */; };
		68C66C72D27D45D2AFCDCDC8 /* CDVConnection.m in Sources */ = {isa = PBXBuildFile; fileRef = 1AE5B0C19E8C4043872C0FC8 /* CDVConnection.m */; };
		A0A296053DE84E4493178752 /* CDVReachability.m in Sources */ = {isa = PBXBuildFile; fileRef = 41835664407448E796844AA4 /* CDVReachability.m */; };
		BD88D9BBB6AC4A93B10B70E7 /* SystemConfiguration.framework in Frameworks */ = {isa = PBXBuildFile; fileRef = 26F9A36776804A969138C0DA /* SystemConfiguration.framework */; settings = {ATTRIBUTES = (Weak, ); }; };
		A17AA6F630444DAF88D8CF99 /* CoreTelephony.framework in Frameworks */ = {isa = PBXBuildFile; fileRef = C3FF322CE034400DA2129296 /* CoreTelephony.framework */; };
		2D30B58145C14C8590F0AE38 /* CDVOrientation.m in Sources */ = {isa = PBXBuildFile; fileRef = EE8478DAAEEF4F178D897D13 /* CDVOrientation.m */; };
		A929913D0AED40D5BF860626 /* CDVSplashScreen.m in Sources */ = {isa = PBXBuildFile; fileRef = 850DA153F8DC4C198D9DED7C /* CDVSplashScreen.m */; };
		3B368F20BA7042F8B2B0CDDE /* CDVViewController+SplashScreen.m in Sources */ = {isa = PBXBuildFile; fileRef = 08B1E36EA5A347D394512EBA /* CDVViewController+SplashScreen.m */; };
		2C35C5A5AADB48C88D6ECD97 /* CDVStatusBar.m in Sources */ = {isa = PBXBuildFile; fileRef = 29F4B4843AD54F6DA0E90F9B /* CDVStatusBar.m */; };
		D137062EBFB5484990D7E787 /* ZipPlugin.m in Sources */ = {isa = PBXBuildFile; fileRef = 39C9979FFBE4415EA600F97A /* ZipPlugin.m */; };
		A64CCFF9ED6D4CE28ECA3172 /* aescrypt.c in Resources */ = {isa = PBXBuildFile; fileRef = 9806CB5BFDF0487387730CFC /* aescrypt.c */; };
		FA9A12E3815343258EC60188 /* aeskey.c in Resources */ = {isa = PBXBuildFile; fileRef = DF4351B2BAAC46539D8FCBAF /* aeskey.c */; };
		35D8D8D719FB458AA012F56E /* aestab.c in Resources */ = {isa = PBXBuildFile; fileRef = 31DC7DBCF833460B874F5CC0 /* aestab.c */; };
		8656DA2673924197A69AEEF1 /* entropy.c in Resources */ = {isa = PBXBuildFile; fileRef = 9459E74D9D864C4CB5F91569 /* entropy.c */; };
		6A0579529D0A4A4A8C5D11C7 /* fileenc.c in Resources */ = {isa = PBXBuildFile; fileRef = 53B9029CD87E488D9C39837A /* fileenc.c */; };
		F8B07B63E5CD479BB745FA07 /* hmac.c in Resources */ = {isa = PBXBuildFile; fileRef = 077B811369FC45ABA85B40A6 /* hmac.c */; };
		63C71E0051BA4B388B51F6D5 /* prng.c in Resources */ = {isa = PBXBuildFile; fileRef = C7EA13D064E9401C9E1A4431 /* prng.c */; };
		8DBD311A4F2C42E98F665A76 /* pwd2key.c in Resources */ = {isa = PBXBuildFile; fileRef = 5A88614172AC4C0593987A0D /* pwd2key.c */; };
		9AB32A6561964EE48E68E0E3 /* sha1.c in Resources */ = {isa = PBXBuildFile; fileRef = 2611EFDE28274E26AC3BC1B5 /* sha1.c */; };
		7FCA139DDC2048EC8297FE36 /* SSZipArchive.m in Sources */ = {isa = PBXBuildFile; fileRef = 4D8AECB4B3E74B91977D69FC /* SSZipArchive.m */; };
		5B2A8656B26948FBB0454CB9 /* zip.c in Resources */ = {isa = PBXBuildFile; fileRef = 8CF980BAFEE24584A5432E32 /* zip.c */; };
		7978BB705A4C4E1DA0737F5A /* unzip.c in Resources */ = {isa = PBXBuildFile; fileRef = 1C7BBEFA3D144828A46539B3 /* unzip.c */; };
		48B9CC5E1D43405293A5C5EF /* mztools.c in Resources */ = {isa = PBXBuildFile; fileRef = B393EE39E73E4373A3283D10 /* mztools.c */; };
		83C699F51A9B49C68728539A /* ioapi.c in Resources */ = {isa = PBXBuildFile; fileRef = BDBDC08C17AD4E6693C25729 /* ioapi.c */; };
		2C3317AD69594FA99DBD9582 /* libz.dylib in Frameworks */ = {isa = PBXBuildFile; fileRef = 28233599F6D44DC59BD168C2 /* libz.dylib */; };
		19BAE082143541E7992DD24C /* SQLitePlugin.m in Sources */ = {isa = PBXBuildFile; fileRef = F5C298EDF1724B52BEFBF384 /* SQLitePlugin.m */; };
		E9200955486E479C95BCE5FE /* PSPDFThreadSafeMutableDictionary.m in Sources */ = {isa = PBXBuildFile; fileRef = 68AD49F9EEA742D9971F5A9E /* PSPDFThreadSafeMutableDictionary.m */; settings = {COMPILER_FLAGS = "-w"; }; };
		22EE22D08DC2409C9DD02B72 /* sqlite3_regexp.c in Resources */ = {isa = PBXBuildFile; fileRef = C4D9565C84264CFC8C3C81A8 /* sqlite3_regexp.c */; };
		4941CCE14C8F403F9221A7D8 /* sqlite3_base64.c in Resources */ = {isa = PBXBuildFile; fileRef = BD4E1B390B9E45798F0F8B70 /* sqlite3_base64.c */; };
		B2444756330F42518FD2EB07 /* cencode.c in Resources */ = {isa = PBXBuildFile; fileRef = 0E729973BBF2486EB3A9463B /* cencode.c */; };
		A3E15F1BAD7645A1B3DA068C /* sqlite3.c in Resources */ = {isa = PBXBuildFile; fileRef = C3BBB98B1D3D4915814C4BCA /* sqlite3.c */; settings = {COMPILER_FLAGS = "-w -DSQLITE_THREADSAFE=1 -DSQLITE_DEFAULT_SYNCHRONOUS=3 -DSQLITE_LOCKING_STYLE=1 -DHAVE_USLEEP=1 -DSQLITE_DEFAULT_MEMSTATUS=0 -DSQLITE_OMIT_DECLTYPE -DSQLITE_OMIT_DEPRECATED -DSQLITE_OMIT_PROGRESS_CALLBACK -DSQLITE_OMIT_SHARED_CACHE -DSQLITE_TEMP_STORE=2 -DSQLITE_OMIT_LOAD_EXTENSION -DSQLITE_ENABLE_FTS3 -DSQLITE_ENABLE_FTS3_PARENTHESIS -DSQLITE_ENABLE_FTS4 -DSQLITE_ENABLE_FTS5 -DSQLITE_ENABLE_RTREE -DSQLITE_ENABLE_JSON1 -DSQLITE_DEFAULT_PAGE_SIZE=4096 -DSQLITE_DEFAULT_CACHE_SIZE=-2000"; }; };
		CF06DA55D2B240C59F1C0CDB /* SQLitePlugin.m in Sources */ = {isa = PBXBuildFile; fileRef = 6916716741A3453D9A31A4CD /* SQLitePlugin.m */; };
		A700A167046A42518AE68942 /* PSPDFThreadSafeMutableDictionary.m in Sources */ = {isa = PBXBuildFile; fileRef = F3658896B52B45F3A8A33DFE /* PSPDFThreadSafeMutableDictionary.m */; settings = {COMPILER_FLAGS = "-w"; }; };
		D1C57550397E42558EBBEDE6 /* sqlite3.c in Resources */ = {isa = PBXBuildFile; fileRef = F830DB96A0DF41ABBFCD7201 /* sqlite3.c */; settings = {COMPILER_FLAGS = "-w -DSQLITE_THREADSAFE=1 -DSQLITE_DEFAULT_SYNCHRONOUS=3 -DSQLITE_DEFAULT_MEMSTATUS=0 -DSQLITE_OMIT_DECLTYPE -DSQLITE_OMIT_DEPRECATED -DSQLITE_OMIT_PROGRESS_CALLBACK -DSQLITE_OMIT_SHARED_CACHE -DSQLITE_TEMP_STORE=2 -DSQLITE_OMIT_LOAD_EXTENSION -DSQLITE_ENABLE_FTS3 -DSQLITE_ENABLE_FTS3_PARENTHESIS -DSQLITE_ENABLE_FTS4 -DSQLITE_ENABLE_RTREE -DSQLITE_DEFAULT_PAGE_SIZE=1024"; }; };
		B87DE24F51A54689858B7986 /* BackgroundAudio.m in Sources */ = {isa = PBXBuildFile; fileRef = 6325F1657FBA4372B7A9FB1D /* BackgroundAudio.m */; };
		505B94683FBE4C8E919AAA3C /* AppDelegate+notification.m in Sources */ = {isa = PBXBuildFile; fileRef = 600435AD71A444FB9B58474D /* AppDelegate+notification.m */; };
		0989541CC92D4576958C0408 /* PushPlugin.m in Sources */ = {isa = PBXBuildFile; fileRef = 21C6D8215BB5496998E55A40 /* PushPlugin.m */; };
		7BE033EADCBE400A92DB8F74 /* PushKit.framework in Frameworks */ = {isa = PBXBuildFile; fileRef = BD2F26867A254B9E886C8AFB /* PushKit.framework */; };
/* End PBXBuildFile section */

/* Begin PBXContainerItemProxy section */
		301BF534109A57CC0062928A /* PBXContainerItemProxy */ = {
			isa = PBXContainerItemProxy;
			containerPortal = 301BF52D109A57CC0062928A /* CordovaLib.xcodeproj */;
			proxyType = 2;
			remoteGlobalIDString = D2AAC07E0554694100DB518D;
			remoteInfo = CordovaLib;
		};
		301BF550109A68C00062928A /* PBXContainerItemProxy */ = {
			isa = PBXContainerItemProxy;
			containerPortal = 301BF52D109A57CC0062928A /* CordovaLib.xcodeproj */;
			proxyType = 1;
			remoteGlobalIDString = D2AAC07D0554694100DB518D;
			remoteInfo = CordovaLib;
		};
/* End PBXContainerItemProxy section */

/* Begin PBXFileReference section */
		0207DA571B56EA530066E2B4 /* Images.xcassets */ = {isa = PBXFileReference; lastKnownFileType = folder.assetcatalog; name = Images.xcassets; path = "مگ‌آموز/Images.xcassets"; sourceTree = SOURCE_ROOT; };
		1D3623240D0F684500981E51 /* AppDelegate.h */ = {isa = PBXFileReference; fileEncoding = 4; lastKnownFileType = sourcecode.c.h; path = AppDelegate.h; sourceTree = "<group>"; };
		1D3623250D0F684500981E51 /* AppDelegate.m */ = {isa = PBXFileReference; fileEncoding = 4; lastKnownFileType = sourcecode.c.objc; path = AppDelegate.m; sourceTree = "<group>"; };
		1D6058910D05DD3D006BFB54 /* مگ‌آموز.app */ = {isa = PBXFileReference; explicitFileType = wrapper.application; includeInIndex = 0; path = "مگ‌آموز.app"; sourceTree = BUILT_PRODUCTS_DIR; };
		29B97316FDCFA39411CA2CEA /* main.m */ = {isa = PBXFileReference; fileEncoding = 4; lastKnownFileType = sourcecode.c.objc; path = main.m; sourceTree = "<group>"; };
		301BF52D109A57CC0062928A /* CordovaLib.xcodeproj */ = {isa = PBXFileReference; lastKnownFileType = "wrapper.pb-project"; path = CordovaLib/CordovaLib.xcodeproj; sourceTree = "<group>"; };
		301BF56E109A69640062928A /* www */ = {isa = PBXFileReference; lastKnownFileType = folder; path = www; sourceTree = SOURCE_ROOT; };
		302D95EE14D2391D003F00A1 /* MainViewController.h */ = {isa = PBXFileReference; fileEncoding = 4; lastKnownFileType = sourcecode.c.h; path = MainViewController.h; sourceTree = "<group>"; };
		302D95EF14D2391D003F00A1 /* MainViewController.m */ = {isa = PBXFileReference; fileEncoding = 4; lastKnownFileType = sourcecode.c.objc; path = MainViewController.m; sourceTree = "<group>"; };
		302D95F014D2391D003F00A1 /* MainViewController.xib */ = {isa = PBXFileReference; fileEncoding = 4; lastKnownFileType = file.xib; path = MainViewController.xib; sourceTree = "<group>"; };
		3047A50F1AB8059700498E2A /* build-debug.xcconfig */ = {isa = PBXFileReference; fileEncoding = 4; lastKnownFileType = text.xcconfig; name = "build-debug.xcconfig"; path = cordova/build-debug.xcconfig; sourceTree = SOURCE_ROOT; };
		3047A5101AB8059700498E2A /* build-release.xcconfig */ = {isa = PBXFileReference; fileEncoding = 4; lastKnownFileType = text.xcconfig; name = "build-release.xcconfig"; path = cordova/build-release.xcconfig; sourceTree = SOURCE_ROOT; };
		3047A5111AB8059700498E2A /* build.xcconfig */ = {isa = PBXFileReference; fileEncoding = 4; lastKnownFileType = text.xcconfig; name = build.xcconfig; path = cordova/build.xcconfig; sourceTree = SOURCE_ROOT; };
		32CA4F630368D1EE00C91783 /* مگ‌آموز-Prefix.pch */ = {isa = PBXFileReference; fileEncoding = 4; lastKnownFileType = sourcecode.c.h; path = "مگ‌آموز-Prefix.pch"; sourceTree = "<group>"; };
		6AFF5BF81D6E424B00AB3073 /* CDVLaunchScreen.storyboard */ = {isa = PBXFileReference; fileEncoding = 4; lastKnownFileType = file.storyboard; name = CDVLaunchScreen.storyboard; path = "مگ‌آموز/CDVLaunchScreen.storyboard"; sourceTree = SOURCE_ROOT; };
		8D1107310486CEB800E47090 /* مگ‌آموز-Info.plist */ = {isa = PBXFileReference; fileEncoding = 4; lastKnownFileType = text.plist.xml; name = "مگ‌آموز-Info.plist"; path = "مگ‌آموز/مگ‌آموز-Info.plist"; plistStructureDefinitionIdentifier = "com.apple.xcode.plist.structure-definition.iphone.info-plist"; sourceTree = SOURCE_ROOT; };
		EB87FDF31871DA8E0020F90C /* www */ = {isa = PBXFileReference; lastKnownFileType = folder; name = www; path = ../../www; sourceTree = "<group>"; };
		EB87FDF41871DAF40020F90C /* config.xml */ = {isa = PBXFileReference; lastKnownFileType = text.xml; name = config.xml; path = ../../config.xml; sourceTree = "<group>"; };
		F840E1F0165FE0F500CFE078 /* config.xml */ = {isa = PBXFileReference; lastKnownFileType = text.xml; name = config.xml; path = "مگ‌آموز/config.xml"; sourceTree = "<group>"; };
		ED33DF2A687741AEAF9F8254 /* Bridging-Header.h */ = {isa = PBXFileReference; fileEncoding = 4; lastKnownFileType = sourcecode.c.h; name = "Bridging-Header.h"; path = "Bridging-Header.h"; sourceTree = "<group>"; };
		C89AE44472EA44379113986F /* GoogleService-Info.plist */ = {isa = PBXFileReference; name = "GoogleService-Info.plist"; path = "GoogleService-Info.plist"; sourceTree = "<group>"; fileEncoding = 4; lastKnownFileType = text.plist.xml; explicitFileType = undefined; includeInIndex = 0; };
		8E9070403CA94E0FAD5BEAF2 /* CDVClipboard.m */ = {isa = PBXFileReference; name = "CDVClipboard.m"; path = "cordova-clipboard/CDVClipboard.m"; sourceTree = "<group>"; fileEncoding = 4; lastKnownFileType = sourcecode.c.objc; explicitFileType = undefined; includeInIndex = 0; };
		6870F78D075F4003A25E39AE /* CDVClipboard.h */ = {isa = PBXFileReference; name = "CDVClipboard.h"; path = "cordova-clipboard/CDVClipboard.h"; sourceTree = "<group>"; fileEncoding = 4; lastKnownFileType = sourcecode.c.h; explicitFileType = undefined; includeInIndex = 0; };
		181255E1F1434F9286CCD59C /* APPBadge.m */ = {isa = PBXFileReference; name = "APPBadge.m"; path = "cordova-plugin-badge/APPBadge.m"; sourceTree = "<group>"; fileEncoding = 4; lastKnownFileType = sourcecode.c.objc; explicitFileType = undefined; includeInIndex = 0; };
		3B9715E29BE74E63ADC09C88 /* APPBadge.h */ = {isa = PBXFileReference; name = "APPBadge.h"; path = "cordova-plugin-badge/APPBadge.h"; sourceTree = "<group>"; fileEncoding = 4; lastKnownFileType = sourcecode.c.h; explicitFileType = undefined; includeInIndex = 0; };
		A16631587B894EA29E30DA26 /* UIImage+CropScaleOrientation.m */ = {isa = PBXFileReference; name = "UIImage+CropScaleOrientation.m"; path = "cordova-plugin-camera/UIImage+CropScaleOrientation.m"; sourceTree = "<group>"; fileEncoding = 4; lastKnownFileType = sourcecode.c.objc; explicitFileType = undefined; includeInIndex = 0; };
		C083B8666DC64519AA28F196 /* CDVCamera.m */ = {isa = PBXFileReference; name = "CDVCamera.m"; path = "cordova-plugin-camera/CDVCamera.m"; sourceTree = "<group>"; fileEncoding = 4; lastKnownFileType = sourcecode.c.objc; explicitFileType = undefined; includeInIndex = 0; };
		A329D42CA1924760A6278AC9 /* CDVJpegHeaderWriter.m */ = {isa = PBXFileReference; name = "CDVJpegHeaderWriter.m"; path = "cordova-plugin-camera/CDVJpegHeaderWriter.m"; sourceTree = "<group>"; fileEncoding = 4; lastKnownFileType = sourcecode.c.objc; explicitFileType = undefined; includeInIndex = 0; };
		5077DBAD98024A99B51F232E /* UIImage+CropScaleOrientation.h */ = {isa = PBXFileReference; name = "UIImage+CropScaleOrientation.h"; path = "cordova-plugin-camera/UIImage+CropScaleOrientation.h"; sourceTree = "<group>"; fileEncoding = 4; lastKnownFileType = sourcecode.c.h; explicitFileType = undefined; includeInIndex = 0; };
		088F5C280933421A981BF5A7 /* CDVCamera.h */ = {isa = PBXFileReference; name = "CDVCamera.h"; path = "cordova-plugin-camera/CDVCamera.h"; sourceTree = "<group>"; fileEncoding = 4; lastKnownFileType = sourcecode.c.h; explicitFileType = undefined; includeInIndex = 0; };
		D2153619169547568C25FFAC /* CDVJpegHeaderWriter.h */ = {isa = PBXFileReference; name = "CDVJpegHeaderWriter.h"; path = "cordova-plugin-camera/CDVJpegHeaderWriter.h"; sourceTree = "<group>"; fileEncoding = 4; lastKnownFileType = sourcecode.c.h; explicitFileType = undefined; includeInIndex = 0; };
		7EF8AF85E3084C15B2D4D620 /* CDVExif.h */ = {isa = PBXFileReference; name = "CDVExif.h"; path = "cordova-plugin-camera/CDVExif.h"; sourceTree = "<group>"; fileEncoding = 4; lastKnownFileType = sourcecode.c.h; explicitFileType = undefined; includeInIndex = 0; };
		25952116CD9C49B1AFCA0DB3 /* ImageIO.framework */ = {isa = PBXFileReference; name = "ImageIO.framework"; path = "System/Library/Frameworks/ImageIO.framework"; sourceTree = SDKROOT; fileEncoding = undefined; lastKnownFileType = wrapper.framework; explicitFileType = undefined; includeInIndex = 0; };
		A9DBE43858F548AEB37CECDC /* CoreLocation.framework */ = {isa = PBXFileReference; name = "CoreLocation.framework"; path = "System/Library/Frameworks/CoreLocation.framework"; sourceTree = SDKROOT; fileEncoding = undefined; lastKnownFileType = wrapper.framework; explicitFileType = undefined; includeInIndex = 0; };
		1135C77FDD0D47DEA0338DE1 /* AVFoundation.framework */ = {isa = PBXFileReference; name = "AVFoundation.framework"; path = "System/Library/Frameworks/AVFoundation.framework"; sourceTree = SDKROOT; fileEncoding = undefined; lastKnownFileType = wrapper.framework; explicitFileType = undefined; includeInIndex = 0; };
		F20A17CEC84E49BCBA3806AE /* CDVDevice.m */ = {isa = PBXFileReference; name = "CDVDevice.m"; path = "cordova-plugin-device/CDVDevice.m"; sourceTree = "<group>"; fileEncoding = 4; lastKnownFileType = sourcecode.c.objc; explicitFileType = undefined; includeInIndex = 0; };
		990F6D78B33346FE90DE939C /* CDVDevice.h */ = {isa = PBXFileReference; name = "CDVDevice.h"; path = "cordova-plugin-device/CDVDevice.h"; sourceTree = "<group>"; fileEncoding = 4; lastKnownFileType = sourcecode.c.h; explicitFileType = undefined; includeInIndex = 0; };
		1426BB4352CC46F381BD13D3 /* CDVFile.m */ = {isa = PBXFileReference; name = "CDVFile.m"; path = "cordova-plugin-file/CDVFile.m"; sourceTree = "<group>"; fileEncoding = 4; lastKnownFileType = sourcecode.c.objc; explicitFileType = undefined; includeInIndex = 0; };
		1AA83921FC1E4426A34B9AB0 /* CDVLocalFilesystem.m */ = {isa = PBXFileReference; name = "CDVLocalFilesystem.m"; path = "cordova-plugin-file/CDVLocalFilesystem.m"; sourceTree = "<group>"; fileEncoding = 4; lastKnownFileType = sourcecode.c.objc; explicitFileType = undefined; includeInIndex = 0; };
		AC9DD8C9D13D427CA06F6138 /* CDVAssetLibraryFilesystem.m */ = {isa = PBXFileReference; name = "CDVAssetLibraryFilesystem.m"; path = "cordova-plugin-file/CDVAssetLibraryFilesystem.m"; sourceTree = "<group>"; fileEncoding = 4; lastKnownFileType = sourcecode.c.objc; explicitFileType = undefined; includeInIndex = 0; };
		ADEDD344990344D389441D10 /* CDVFile.h */ = {isa = PBXFileReference; name = "CDVFile.h"; path = "cordova-plugin-file/CDVFile.h"; sourceTree = "<group>"; fileEncoding = 4; lastKnownFileType = sourcecode.c.h; explicitFileType = undefined; includeInIndex = 0; };
		32709DF6FFE64D6D814400C7 /* CDVLocalFilesystem.h */ = {isa = PBXFileReference; name = "CDVLocalFilesystem.h"; path = "cordova-plugin-file/CDVLocalFilesystem.h"; sourceTree = "<group>"; fileEncoding = 4; lastKnownFileType = sourcecode.c.h; explicitFileType = undefined; includeInIndex = 0; };
		F64461E2CE944D8FB0D46EDE /* CDVAssetLibraryFilesystem.h */ = {isa = PBXFileReference; name = "CDVAssetLibraryFilesystem.h"; path = "cordova-plugin-file/CDVAssetLibraryFilesystem.h"; sourceTree = "<group>"; fileEncoding = 4; lastKnownFileType = sourcecode.c.h; explicitFileType = undefined; includeInIndex = 0; };
		09E0C0FAA670476DAF2FA6FE /* FileOpener2.m */ = {isa = PBXFileReference; name = "FileOpener2.m"; path = "cordova-plugin-file-opener2/FileOpener2.m"; sourceTree = "<group>"; fileEncoding = 4; lastKnownFileType = sourcecode.c.objc; explicitFileType = undefined; includeInIndex = 0; };
		9B87AD70E9C341D887CC0A38 /* FileOpener2.h */ = {isa = PBXFileReference; name = "FileOpener2.h"; path = "cordova-plugin-file-opener2/FileOpener2.h"; sourceTree = "<group>"; fileEncoding = 4; lastKnownFileType = sourcecode.c.h; explicitFileType = undefined; includeInIndex = 0; };
		AA42E83AAEDE43FB9E1C1190 /* CDVFileTransfer.m */ = {isa = PBXFileReference; name = "CDVFileTransfer.m"; path = "cordova-plugin-file-transfer/CDVFileTransfer.m"; sourceTree = "<group>"; fileEncoding = 4; lastKnownFileType = sourcecode.c.objc; explicitFileType = undefined; includeInIndex = 0; };
		6E2FE25F6D054ED6B7E11A7E /* CDVFileTransfer.h */ = {isa = PBXFileReference; name = "CDVFileTransfer.h"; path = "cordova-plugin-file-transfer/CDVFileTransfer.h"; sourceTree = "<group>"; fileEncoding = 4; lastKnownFileType = sourcecode.c.h; explicitFileType = undefined; includeInIndex = 0; };
		95603FB5518740E08D891EEA /* CDVGlobalization.m */ = {isa = PBXFileReference; name = "CDVGlobalization.m"; path = "cordova-plugin-globalization/CDVGlobalization.m"; sourceTree = "<group>"; fileEncoding = 4; lastKnownFileType = sourcecode.c.objc; explicitFileType = undefined; includeInIndex = 0; };
		04B6BA1301614E6E9120DCE1 /* CDVGlobalization.h */ = {isa = PBXFileReference; name = "CDVGlobalization.h"; path = "cordova-plugin-globalization/CDVGlobalization.h"; sourceTree = "<group>"; fileEncoding = 4; lastKnownFileType = sourcecode.c.h; explicitFileType = undefined; includeInIndex = 0; };
		F21C9030E6694713B5EE2EBF /* CDVInAppBrowser.m */ = {isa = PBXFileReference; name = "CDVInAppBrowser.m"; path = "cordova-plugin-inappbrowser/CDVInAppBrowser.m"; sourceTree = "<group>"; fileEncoding = 4; lastKnownFileType = sourcecode.c.objc; explicitFileType = undefined; includeInIndex = 0; };
		69C1E62D20934D468F015F9A /* CDVInAppBrowserOptions.m */ = {isa = PBXFileReference; name = "CDVInAppBrowserOptions.m"; path = "cordova-plugin-inappbrowser/CDVInAppBrowserOptions.m"; sourceTree = "<group>"; fileEncoding = 4; lastKnownFileType = sourcecode.c.objc; explicitFileType = undefined; includeInIndex = 0; };
		4A579BA4814D47DDB6B25FFC /* CDVInAppBrowserNavigationController.m */ = {isa = PBXFileReference; name = "CDVInAppBrowserNavigationController.m"; path = "cordova-plugin-inappbrowser/CDVInAppBrowserNavigationController.m"; sourceTree = "<group>"; fileEncoding = 4; lastKnownFileType = sourcecode.c.objc; explicitFileType = undefined; includeInIndex = 0; };
		C0832E6873544603A776BA81 /* CDVUIInAppBrowser.m */ = {isa = PBXFileReference; name = "CDVUIInAppBrowser.m"; path = "cordova-plugin-inappbrowser/CDVUIInAppBrowser.m"; sourceTree = "<group>"; fileEncoding = 4; lastKnownFileType = sourcecode.c.objc; explicitFileType = undefined; includeInIndex = 0; };
		99BAA243709B4E7AB78CD2C2 /* CDVWKInAppBrowser.m */ = {isa = PBXFileReference; name = "CDVWKInAppBrowser.m"; path = "cordova-plugin-inappbrowser/CDVWKInAppBrowser.m"; sourceTree = "<group>"; fileEncoding = 4; lastKnownFileType = sourcecode.c.objc; explicitFileType = undefined; includeInIndex = 0; };
		EA9CB0F61B074B6BB9344176 /* CDVWKInAppBrowserUIDelegate.m */ = {isa = PBXFileReference; name = "CDVWKInAppBrowserUIDelegate.m"; path = "cordova-plugin-inappbrowser/CDVWKInAppBrowserUIDelegate.m"; sourceTree = "<group>"; fileEncoding = 4; lastKnownFileType = sourcecode.c.objc; explicitFileType = undefined; includeInIndex = 0; };
		D3205FA2552D4A99A7B82852 /* CDVInAppBrowser.h */ = {isa = PBXFileReference; name = "CDVInAppBrowser.h"; path = "cordova-plugin-inappbrowser/CDVInAppBrowser.h"; sourceTree = "<group>"; fileEncoding = 4; lastKnownFileType = sourcecode.c.h; explicitFileType = undefined; includeInIndex = 0; };
		0D4A5A3FBFBF4ED8B95CA73A /* CDVInAppBrowserOptions.h */ = {isa = PBXFileReference; name = "CDVInAppBrowserOptions.h"; path = "cordova-plugin-inappbrowser/CDVInAppBrowserOptions.h"; sourceTree = "<group>"; fileEncoding = 4; lastKnownFileType = sourcecode.c.h; explicitFileType = undefined; includeInIndex = 0; };
		DB4D4F8E8E084E9D8680FAC6 /* CDVInAppBrowserNavigationController.h */ = {isa = PBXFileReference; name = "CDVInAppBrowserNavigationController.h"; path = "cordova-plugin-inappbrowser/CDVInAppBrowserNavigationController.h"; sourceTree = "<group>"; fileEncoding = 4; lastKnownFileType = sourcecode.c.h; explicitFileType = undefined; includeInIndex = 0; };
		715E7CFD4A7E4C669F2034E5 /* CDVUIInAppBrowser.h */ = {isa = PBXFileReference; name = "CDVUIInAppBrowser.h"; path = "cordova-plugin-inappbrowser/CDVUIInAppBrowser.h"; sourceTree = "<group>"; fileEncoding = 4; lastKnownFileType = sourcecode.c.h; explicitFileType = undefined; includeInIndex = 0; };
		4AFB56D7857D4693804D55C8 /* CDVWKInAppBrowser.h */ = {isa = PBXFileReference; name = "CDVWKInAppBrowser.h"; path = "cordova-plugin-inappbrowser/CDVWKInAppBrowser.h"; sourceTree = "<group>"; fileEncoding = 4; lastKnownFileType = sourcecode.c.h; explicitFileType = undefined; includeInIndex = 0; };
		0B85A0833CD14B1E9046D702 /* CDVWKInAppBrowserUIDelegate.h */ = {isa = PBXFileReference; name = "CDVWKInAppBrowserUIDelegate.h"; path = "cordova-plugin-inappbrowser/CDVWKInAppBrowserUIDelegate.h"; sourceTree = "<group>"; fileEncoding = 4; lastKnownFileType = sourcecode.c.h; explicitFileType = undefined; includeInIndex = 0; };
		AA9F9F704C044AAEAB20EEC9 /* CDVIonicKeyboard.m */ = {isa = PBXFileReference; name = "CDVIonicKeyboard.m"; path = "cordova-plugin-ionic-keyboard/CDVIonicKeyboard.m"; sourceTree = "<group>"; fileEncoding = 4; lastKnownFileType = sourcecode.c.objc; explicitFileType = undefined; includeInIndex = 0; };
		D7F86B68B3814A188471746B /* CDVIonicKeyboard.h */ = {isa = PBXFileReference; name = "CDVIonicKeyboard.h"; path = "cordova-plugin-ionic-keyboard/CDVIonicKeyboard.h"; sourceTree = "<group>"; fileEncoding = 4; lastKnownFileType = sourcecode.c.h; explicitFileType = undefined; includeInIndex = 0; };
		FFC6B0CC58FC4EB98C9B9933 /* APPLocalNotification.m */ = {isa = PBXFileReference; name = "APPLocalNotification.m"; path = "cordova-plugin-local-notification/APPLocalNotification.m"; sourceTree = "<group>"; fileEncoding = 4; lastKnownFileType = sourcecode.c.objc; explicitFileType = undefined; includeInIndex = 0; };
		3E41743C299A4309B5A6F0AF /* APPNotificationCategory.m */ = {isa = PBXFileReference; name = "APPNotificationCategory.m"; path = "cordova-plugin-local-notification/APPNotificationCategory.m"; sourceTree = "<group>"; fileEncoding = 4; lastKnownFileType = sourcecode.c.objc; explicitFileType = undefined; includeInIndex = 0; };
		D352533C3B8E42FA9B384E0C /* APPNotificationContent.m */ = {isa = PBXFileReference; name = "APPNotificationContent.m"; path = "cordova-plugin-local-notification/APPNotificationContent.m"; sourceTree = "<group>"; fileEncoding = 4; lastKnownFileType = sourcecode.c.objc; explicitFileType = undefined; includeInIndex = 0; };
		C9E416FCBB774DAF9E647FE1 /* APPNotificationOptions.m */ = {isa = PBXFileReference; name = "APPNotificationOptions.m"; path = "cordova-plugin-local-notification/APPNotificationOptions.m"; sourceTree = "<group>"; fileEncoding = 4; lastKnownFileType = sourcecode.c.objc; explicitFileType = undefined; includeInIndex = 0; };
		D21E1AA67ABA48AAB842747C /* UNUserNotificationCenter+APPLocalNotification.m */ = {isa = PBXFileReference; name = "UNUserNotificationCenter+APPLocalNotification.m"; path = "cordova-plugin-local-notification/UNUserNotificationCenter+APPLocalNotification.m"; sourceTree = "<group>"; fileEncoding = 4; lastKnownFileType = sourcecode.c.objc; explicitFileType = undefined; includeInIndex = 0; };
		EC7877F3C36942D091F6A7A9 /* UNNotificationRequest+APPLocalNotification.m */ = {isa = PBXFileReference; name = "UNNotificationRequest+APPLocalNotification.m"; path = "cordova-plugin-local-notification/UNNotificationRequest+APPLocalNotification.m"; sourceTree = "<group>"; fileEncoding = 4; lastKnownFileType = sourcecode.c.objc; explicitFileType = undefined; includeInIndex = 0; };
		75A34EA0DA86409FBDF149BA /* APPLocalNotification.h */ = {isa = PBXFileReference; name = "APPLocalNotification.h"; path = "cordova-plugin-local-notification/APPLocalNotification.h"; sourceTree = "<group>"; fileEncoding = 4; lastKnownFileType = sourcecode.c.h; explicitFileType = undefined; includeInIndex = 0; };
		A1B96D195B774D4FA754B943 /* APPNotificationCategory.h */ = {isa = PBXFileReference; name = "APPNotificationCategory.h"; path = "cordova-plugin-local-notification/APPNotificationCategory.h"; sourceTree = "<group>"; fileEncoding = 4; lastKnownFileType = sourcecode.c.h; explicitFileType = undefined; includeInIndex = 0; };
		1185A55F11E346A5975EC1D6 /* APPNotificationContent.h */ = {isa = PBXFileReference; name = "APPNotificationContent.h"; path = "cordova-plugin-local-notification/APPNotificationContent.h"; sourceTree = "<group>"; fileEncoding = 4; lastKnownFileType = sourcecode.c.h; explicitFileType = undefined; includeInIndex = 0; };
		EE7FB68A89EF4ADCB0FF7236 /* APPNotificationOptions.h */ = {isa = PBXFileReference; name = "APPNotificationOptions.h"; path = "cordova-plugin-local-notification/APPNotificationOptions.h"; sourceTree = "<group>"; fileEncoding = 4; lastKnownFileType = sourcecode.c.h; explicitFileType = undefined; includeInIndex = 0; };
		6AE34F41AE724CFDA5932919 /* UNUserNotificationCenter+APPLocalNotification.h */ = {isa = PBXFileReference; name = "UNUserNotificationCenter+APPLocalNotification.h"; path = "cordova-plugin-local-notification/UNUserNotificationCenter+APPLocalNotification.h"; sourceTree = "<group>"; fileEncoding = 4; lastKnownFileType = sourcecode.c.h; explicitFileType = undefined; includeInIndex = 0; };
		48E16BA595294A77AB3F01AE /* UNNotificationRequest+APPLocalNotification.h */ = {isa = PBXFileReference; name = "UNNotificationRequest+APPLocalNotification.h"; path = "cordova-plugin-local-notification/UNNotificationRequest+APPLocalNotification.h"; sourceTree = "<group>"; fileEncoding = 4; lastKnownFileType = sourcecode.c.h; explicitFileType = undefined; includeInIndex = 0; };
		07A8D69FBB654780AA269C6E /* UserNotifications.framework */ = {isa = PBXFileReference; name = "UserNotifications.framework"; path = "System/Library/Frameworks/UserNotifications.framework"; sourceTree = SDKROOT; fileEncoding = undefined; lastKnownFileType = wrapper.framework; explicitFileType = undefined; includeInIndex = 0; };
		3A55911B71A84E8CBDC6BB5A /* CDVCapture.m */ = {isa = PBXFileReference; name = "CDVCapture.m"; path = "cordova-plugin-media-capture/CDVCapture.m"; sourceTree = "<group>"; fileEncoding = 4; lastKnownFileType = sourcecode.c.objc; explicitFileType = undefined; includeInIndex = 0; };
		7F0D09B0C6394FF4A5270691 /* CDVCapture.h */ = {isa = PBXFileReference; name = "CDVCapture.h"; path = "cordova-plugin-media-capture/CDVCapture.h"; sourceTree = "<group>"; fileEncoding = 4; lastKnownFileType = sourcecode.c.h; explicitFileType = undefined; includeInIndex = 0; };
		075693AA525A4CDB856AD998 /* CDVCapture.bundle */ = {isa = PBXFileReference; name = "CDVCapture.bundle"; path = "CDVCapture.bundle"; sourceTree = "<group>"; fileEncoding = undefined; lastKnownFileType = wrapper.plug-in; explicitFileType = undefined; includeInIndex = 0; };
		1AE5B0C19E8C4043872C0FC8 /* CDVConnection.m */ = {isa = PBXFileReference; name = "CDVConnection.m"; path = "cordova-plugin-network-information/CDVConnection.m"; sourceTree = "<group>"; fileEncoding = 4; lastKnownFileType = sourcecode.c.objc; explicitFileType = undefined; includeInIndex = 0; };
		41835664407448E796844AA4 /* CDVReachability.m */ = {isa = PBXFileReference; name = "CDVReachability.m"; path = "cordova-plugin-network-information/CDVReachability.m"; sourceTree = "<group>"; fileEncoding = 4; lastKnownFileType = sourcecode.c.objc; explicitFileType = undefined; includeInIndex = 0; };
		679ADA4CB3754558B062B1A3 /* CDVConnection.h */ = {isa = PBXFileReference; name = "CDVConnection.h"; path = "cordova-plugin-network-information/CDVConnection.h"; sourceTree = "<group>"; fileEncoding = 4; lastKnownFileType = sourcecode.c.h; explicitFileType = undefined; includeInIndex = 0; };
		41916972CCA64F7CBF514E4B /* CDVReachability.h */ = {isa = PBXFileReference; name = "CDVReachability.h"; path = "cordova-plugin-network-information/CDVReachability.h"; sourceTree = "<group>"; fileEncoding = 4; lastKnownFileType = sourcecode.c.h; explicitFileType = undefined; includeInIndex = 0; };
		26F9A36776804A969138C0DA /* SystemConfiguration.framework */ = {isa = PBXFileReference; name = "SystemConfiguration.framework"; path = "System/Library/Frameworks/SystemConfiguration.framework"; sourceTree = SDKROOT; fileEncoding = undefined; lastKnownFileType = wrapper.framework; explicitFileType = undefined; includeInIndex = 0; };
		C3FF322CE034400DA2129296 /* CoreTelephony.framework */ = {isa = PBXFileReference; name = "CoreTelephony.framework"; path = "System/Library/Frameworks/CoreTelephony.framework"; sourceTree = SDKROOT; fileEncoding = undefined; lastKnownFileType = wrapper.framework; explicitFileType = undefined; includeInIndex = 0; };
		EE8478DAAEEF4F178D897D13 /* CDVOrientation.m */ = {isa = PBXFileReference; name = "CDVOrientation.m"; path = "cordova-plugin-screen-orientation/CDVOrientation.m"; sourceTree = "<group>"; fileEncoding = 4; lastKnownFileType = sourcecode.c.objc; explicitFileType = undefined; includeInIndex = 0; };
		70AFBDCB25134C19BD7301A9 /* CDVOrientation.h */ = {isa = PBXFileReference; name = "CDVOrientation.h"; path = "cordova-plugin-screen-orientation/CDVOrientation.h"; sourceTree = "<group>"; fileEncoding = 4; lastKnownFileType = sourcecode.c.h; explicitFileType = undefined; includeInIndex = 0; };
		850DA153F8DC4C198D9DED7C /* CDVSplashScreen.m */ = {isa = PBXFileReference; name = "CDVSplashScreen.m"; path = "cordova-plugin-splashscreen/CDVSplashScreen.m"; sourceTree = "<group>"; fileEncoding = 4; lastKnownFileType = sourcecode.c.objc; explicitFileType = undefined; includeInIndex = 0; };
		08B1E36EA5A347D394512EBA /* CDVViewController+SplashScreen.m */ = {isa = PBXFileReference; name = "CDVViewController+SplashScreen.m"; path = "cordova-plugin-splashscreen/CDVViewController+SplashScreen.m"; sourceTree = "<group>"; fileEncoding = 4; lastKnownFileType = sourcecode.c.objc; explicitFileType = undefined; includeInIndex = 0; };
		90FB980E08804C73A87EB980 /* CDVSplashScreen.h */ = {isa = PBXFileReference; name = "CDVSplashScreen.h"; path = "cordova-plugin-splashscreen/CDVSplashScreen.h"; sourceTree = "<group>"; fileEncoding = 4; lastKnownFileType = sourcecode.c.h; explicitFileType = undefined; includeInIndex = 0; };
		D75594CCB7694A5D9B3F91B1 /* CDVViewController+SplashScreen.h */ = {isa = PBXFileReference; name = "CDVViewController+SplashScreen.h"; path = "cordova-plugin-splashscreen/CDVViewController+SplashScreen.h"; sourceTree = "<group>"; fileEncoding = 4; lastKnownFileType = sourcecode.c.h; explicitFileType = undefined; includeInIndex = 0; };
		29F4B4843AD54F6DA0E90F9B /* CDVStatusBar.m */ = {isa = PBXFileReference; name = "CDVStatusBar.m"; path = "cordova-plugin-statusbar/CDVStatusBar.m"; sourceTree = "<group>"; fileEncoding = 4; lastKnownFileType = sourcecode.c.objc; explicitFileType = undefined; includeInIndex = 0; };
		CF6ABA73B09143D887CE0FBE /* CDVStatusBar.h */ = {isa = PBXFileReference; name = "CDVStatusBar.h"; path = "cordova-plugin-statusbar/CDVStatusBar.h"; sourceTree = "<group>"; fileEncoding = 4; lastKnownFileType = sourcecode.c.h; explicitFileType = undefined; includeInIndex = 0; };
		39C9979FFBE4415EA600F97A /* ZipPlugin.m */ = {isa = PBXFileReference; name = "ZipPlugin.m"; path = "cordova-plugin-zip/ZipPlugin.m"; sourceTree = "<group>"; fileEncoding = 4; lastKnownFileType = sourcecode.c.objc; explicitFileType = undefined; includeInIndex = 0; };
		9806CB5BFDF0487387730CFC /* aescrypt.c */ = {isa = PBXFileReference; name = "aescrypt.c"; path = "cordova-plugin-zip/Plugins/aes/aescrypt.c"; sourceTree = "<group>"; fileEncoding = undefined; lastKnownFileType = unknown; explicitFileType = undefined; includeInIndex = 0; };
		DF4351B2BAAC46539D8FCBAF /* aeskey.c */ = {isa = PBXFileReference; name = "aeskey.c"; path = "cordova-plugin-zip/Plugins/aes/aeskey.c"; sourceTree = "<group>"; fileEncoding = undefined; lastKnownFileType = unknown; explicitFileType = undefined; includeInIndex = 0; };
		31DC7DBCF833460B874F5CC0 /* aestab.c */ = {isa = PBXFileReference; name = "aestab.c"; path = "cordova-plugin-zip/Plugins/aes/aestab.c"; sourceTree = "<group>"; fileEncoding = undefined; lastKnownFileType = unknown; explicitFileType = undefined; includeInIndex = 0; };
		9459E74D9D864C4CB5F91569 /* entropy.c */ = {isa = PBXFileReference; name = "entropy.c"; path = "cordova-plugin-zip/Plugins/aes/entropy.c"; sourceTree = "<group>"; fileEncoding = undefined; lastKnownFileType = unknown; explicitFileType = undefined; includeInIndex = 0; };
		53B9029CD87E488D9C39837A /* fileenc.c */ = {isa = PBXFileReference; name = "fileenc.c"; path = "cordova-plugin-zip/Plugins/aes/fileenc.c"; sourceTree = "<group>"; fileEncoding = undefined; lastKnownFileType = unknown; explicitFileType = undefined; includeInIndex = 0; };
		077B811369FC45ABA85B40A6 /* hmac.c */ = {isa = PBXFileReference; name = "hmac.c"; path = "cordova-plugin-zip/Plugins/aes/hmac.c"; sourceTree = "<group>"; fileEncoding = undefined; lastKnownFileType = unknown; explicitFileType = undefined; includeInIndex = 0; };
		C7EA13D064E9401C9E1A4431 /* prng.c */ = {isa = PBXFileReference; name = "prng.c"; path = "cordova-plugin-zip/Plugins/aes/prng.c"; sourceTree = "<group>"; fileEncoding = undefined; lastKnownFileType = unknown; explicitFileType = undefined; includeInIndex = 0; };
		5A88614172AC4C0593987A0D /* pwd2key.c */ = {isa = PBXFileReference; name = "pwd2key.c"; path = "cordova-plugin-zip/Plugins/aes/pwd2key.c"; sourceTree = "<group>"; fileEncoding = undefined; lastKnownFileType = unknown; explicitFileType = undefined; includeInIndex = 0; };
		2611EFDE28274E26AC3BC1B5 /* sha1.c */ = {isa = PBXFileReference; name = "sha1.c"; path = "cordova-plugin-zip/Plugins/aes/sha1.c"; sourceTree = "<group>"; fileEncoding = undefined; lastKnownFileType = unknown; explicitFileType = undefined; includeInIndex = 0; };
		4D8AECB4B3E74B91977D69FC /* SSZipArchive.m */ = {isa = PBXFileReference; name = "SSZipArchive.m"; path = "cordova-plugin-zip/Plugins/minizip/SSZipArchive.m"; sourceTree = "<group>"; fileEncoding = 4; lastKnownFileType = sourcecode.c.objc; explicitFileType = undefined; includeInIndex = 0; };
		8CF980BAFEE24584A5432E32 /* zip.c */ = {isa = PBXFileReference; name = "zip.c"; path = "cordova-plugin-zip/Plugins/minizip/zip.c"; sourceTree = "<group>"; fileEncoding = undefined; lastKnownFileType = unknown; explicitFileType = undefined; includeInIndex = 0; };
		1C7BBEFA3D144828A46539B3 /* unzip.c */ = {isa = PBXFileReference; name = "unzip.c"; path = "cordova-plugin-zip/Plugins/minizip/unzip.c"; sourceTree = "<group>"; fileEncoding = undefined; lastKnownFileType = unknown; explicitFileType = undefined; includeInIndex = 0; };
		B393EE39E73E4373A3283D10 /* mztools.c */ = {isa = PBXFileReference; name = "mztools.c"; path = "cordova-plugin-zip/Plugins/minizip/mztools.c"; sourceTree = "<group>"; fileEncoding = undefined; lastKnownFileType = unknown; explicitFileType = undefined; includeInIndex = 0; };
		BDBDC08C17AD4E6693C25729 /* ioapi.c */ = {isa = PBXFileReference; name = "ioapi.c"; path = "cordova-plugin-zip/Plugins/minizip/ioapi.c"; sourceTree = "<group>"; fileEncoding = undefined; lastKnownFileType = unknown; explicitFileType = undefined; includeInIndex = 0; };
		D81A33C971394CF9868BBDEC /* ZipPlugin.h */ = {isa = PBXFileReference; name = "ZipPlugin.h"; path = "cordova-plugin-zip/ZipPlugin.h"; sourceTree = "<group>"; fileEncoding = 4; lastKnownFileType = sourcecode.c.h; explicitFileType = undefined; includeInIndex = 0; };
		C5B41B90FBC34300A03FD6C0 /* Common.h */ = {isa = PBXFileReference; name = "Common.h"; path = "cordova-plugin-zip/Common.h"; sourceTree = "<group>"; fileEncoding = 4; lastKnownFileType = sourcecode.c.h; explicitFileType = undefined; includeInIndex = 0; };
		17CCD0F8A8FE47708CFCFCC8 /* aes.h */ = {isa = PBXFileReference; name = "aes.h"; path = "cordova-plugin-zip/Plugins/aes/aes.h"; sourceTree = "<group>"; fileEncoding = 4; lastKnownFileType = sourcecode.c.h; explicitFileType = undefined; includeInIndex = 0; };
		F06DC9F67B08456B8BDB9735 /* aes_via_ace.h */ = {isa = PBXFileReference; name = "aes_via_ace.h"; path = "cordova-plugin-zip/Plugins/aes/aes_via_ace.h"; sourceTree = "<group>"; fileEncoding = 4; lastKnownFileType = sourcecode.c.h; explicitFileType = undefined; includeInIndex = 0; };
		E482803B53414BEF9CB153AB /* aesopt.h */ = {isa = PBXFileReference; name = "aesopt.h"; path = "cordova-plugin-zip/Plugins/aes/aesopt.h"; sourceTree = "<group>"; fileEncoding = 4; lastKnownFileType = sourcecode.c.h; explicitFileType = undefined; includeInIndex = 0; };
		12D660C1B85E48E48270044B /* aestab.h */ = {isa = PBXFileReference; name = "aestab.h"; path = "cordova-plugin-zip/Plugins/aes/aestab.h"; sourceTree = "<group>"; fileEncoding = 4; lastKnownFileType = sourcecode.c.h; explicitFileType = undefined; includeInIndex = 0; };
		AE83BA107E484FE2BFCE9483 /* brg_endian.h */ = {isa = PBXFileReference; name = "brg_endian.h"; path = "cordova-plugin-zip/Plugins/aes/brg_endian.h"; sourceTree = "<group>"; fileEncoding = 4; lastKnownFileType = sourcecode.c.h; explicitFileType = undefined; includeInIndex = 0; };
		E473E825BD374F88A535DF70 /* brg_types.h */ = {isa = PBXFileReference; name = "brg_types.h"; path = "cordova-plugin-zip/Plugins/aes/brg_types.h"; sourceTree = "<group>"; fileEncoding = 4; lastKnownFileType = sourcecode.c.h; explicitFileType = undefined; includeInIndex = 0; };
		66B807B394E24A89B0C4E6EB /* entropy.h */ = {isa = PBXFileReference; name = "entropy.h"; path = "cordova-plugin-zip/Plugins/aes/entropy.h"; sourceTree = "<group>"; fileEncoding = 4; lastKnownFileType = sourcecode.c.h; explicitFileType = undefined; includeInIndex = 0; };
		30D89A3E1DC34812910E24D0 /* fileenc.h */ = {isa = PBXFileReference; name = "fileenc.h"; path = "cordova-plugin-zip/Plugins/aes/fileenc.h"; sourceTree = "<group>"; fileEncoding = 4; lastKnownFileType = sourcecode.c.h; explicitFileType = undefined; includeInIndex = 0; };
		0FFD377084EB49F596CF6E54 /* hmac.h */ = {isa = PBXFileReference; name = "hmac.h"; path = "cordova-plugin-zip/Plugins/aes/hmac.h"; sourceTree = "<group>"; fileEncoding = 4; lastKnownFileType = sourcecode.c.h; explicitFileType = undefined; includeInIndex = 0; };
		C13EF1A2504243648F479859 /* prng.h */ = {isa = PBXFileReference; name = "prng.h"; path = "cordova-plugin-zip/Plugins/aes/prng.h"; sourceTree = "<group>"; fileEncoding = 4; lastKnownFileType = sourcecode.c.h; explicitFileType = undefined; includeInIndex = 0; };
		4FF56508A294438D833845E4 /* pwd2key.h */ = {isa = PBXFileReference; name = "pwd2key.h"; path = "cordova-plugin-zip/Plugins/aes/pwd2key.h"; sourceTree = "<group>"; fileEncoding = 4; lastKnownFileType = sourcecode.c.h; explicitFileType = undefined; includeInIndex = 0; };
		9D1CB2CF47A24F288B108843 /* sha1.h */ = {isa = PBXFileReference; name = "sha1.h"; path = "cordova-plugin-zip/Plugins/aes/sha1.h"; sourceTree = "<group>"; fileEncoding = 4; lastKnownFileType = sourcecode.c.h; explicitFileType = undefined; includeInIndex = 0; };
		7EB9A470813144FCB312431B /* SSZipArchive.h */ = {isa = PBXFileReference; name = "SSZipArchive.h"; path = "cordova-plugin-zip/Plugins/minizip/SSZipArchive.h"; sourceTree = "<group>"; fileEncoding = 4; lastKnownFileType = sourcecode.c.h; explicitFileType = undefined; includeInIndex = 0; };
		4EFD161627244E499170F852 /* zip.h */ = {isa = PBXFileReference; name = "zip.h"; path = "cordova-plugin-zip/Plugins/minizip/zip.h"; sourceTree = "<group>"; fileEncoding = 4; lastKnownFileType = sourcecode.c.h; explicitFileType = undefined; includeInIndex = 0; };
		9593D91208BD4E25B82FC5AB /* unzip.h */ = {isa = PBXFileReference; name = "unzip.h"; path = "cordova-plugin-zip/Plugins/minizip/unzip.h"; sourceTree = "<group>"; fileEncoding = 4; lastKnownFileType = sourcecode.c.h; explicitFileType = undefined; includeInIndex = 0; };
		AABE6128958547B7ADB4621B /* mztools.h */ = {isa = PBXFileReference; name = "mztools.h"; path = "cordova-plugin-zip/Plugins/minizip/mztools.h"; sourceTree = "<group>"; fileEncoding = 4; lastKnownFileType = sourcecode.c.h; explicitFileType = undefined; includeInIndex = 0; };
		804DE93F432A4558B7E84459 /* ioapi.h */ = {isa = PBXFileReference; name = "ioapi.h"; path = "cordova-plugin-zip/Plugins/minizip/ioapi.h"; sourceTree = "<group>"; fileEncoding = 4; lastKnownFileType = sourcecode.c.h; explicitFileType = undefined; includeInIndex = 0; };
		80209C691DFC459F9631D7AD /* crypt.h */ = {isa = PBXFileReference; name = "crypt.h"; path = "cordova-plugin-zip/Plugins/minizip/crypt.h"; sourceTree = "<group>"; fileEncoding = 4; lastKnownFileType = sourcecode.c.h; explicitFileType = undefined; includeInIndex = 0; };
		28233599F6D44DC59BD168C2 /* libz.dylib */ = {isa = PBXFileReference; name = "libz.dylib"; path = "usr/lib/libz.dylib"; sourceTree = SDKROOT; fileEncoding = undefined; lastKnownFileType = compiled.mach-o.dylib; explicitFileType = undefined; includeInIndex = 0; };
		F5C298EDF1724B52BEFBF384 /* SQLitePlugin.m */ = {isa = PBXFileReference; name = "SQLitePlugin.m"; path = "cordova-sqlite-evcore-extbuild-free/SQLitePlugin.m"; sourceTree = "<group>"; fileEncoding = 4; lastKnownFileType = sourcecode.c.objc; explicitFileType = undefined; includeInIndex = 0; };
		68AD49F9EEA742D9971F5A9E /* PSPDFThreadSafeMutableDictionary.m */ = {isa = PBXFileReference; name = "PSPDFThreadSafeMutableDictionary.m"; path = "cordova-sqlite-evcore-extbuild-free/PSPDFThreadSafeMutableDictionary.m"; sourceTree = "<group>"; fileEncoding = 4; lastKnownFileType = sourcecode.c.objc; explicitFileType = undefined; includeInIndex = 0; };
		C4D9565C84264CFC8C3C81A8 /* sqlite3_regexp.c */ = {isa = PBXFileReference; name = "sqlite3_regexp.c"; path = "cordova-sqlite-evcore-extbuild-free/sqlite3_regexp.c"; sourceTree = "<group>"; fileEncoding = undefined; lastKnownFileType = unknown; explicitFileType = undefined; includeInIndex = 0; };
		BD4E1B390B9E45798F0F8B70 /* sqlite3_base64.c */ = {isa = PBXFileReference; name = "sqlite3_base64.c"; path = "cordova-sqlite-evcore-extbuild-free/sqlite3_base64.c"; sourceTree = "<group>"; fileEncoding = undefined; lastKnownFileType = unknown; explicitFileType = undefined; includeInIndex = 0; };
		0E729973BBF2486EB3A9463B /* cencode.c */ = {isa = PBXFileReference; name = "cencode.c"; path = "cordova-sqlite-evcore-extbuild-free/cencode.c"; sourceTree = "<group>"; fileEncoding = undefined; lastKnownFileType = unknown; explicitFileType = undefined; includeInIndex = 0; };
		C3BBB98B1D3D4915814C4BCA /* sqlite3.c */ = {isa = PBXFileReference; name = "sqlite3.c"; path = "cordova-sqlite-evcore-extbuild-free/sqlite3.c"; sourceTree = "<group>"; fileEncoding = undefined; lastKnownFileType = unknown; explicitFileType = undefined; includeInIndex = 0; };
		2E70767D85874D50A8CAC58C /* SQLitePlugin.h */ = {isa = PBXFileReference; name = "SQLitePlugin.h"; path = "cordova-sqlite-evcore-extbuild-free/SQLitePlugin.h"; sourceTree = "<group>"; fileEncoding = 4; lastKnownFileType = sourcecode.c.h; explicitFileType = undefined; includeInIndex = 0; };
		7A9C6E1E393B43EAABCFD5FC /* PSPDFThreadSafeMutableDictionary.h */ = {isa = PBXFileReference; name = "PSPDFThreadSafeMutableDictionary.h"; path = "cordova-sqlite-evcore-extbuild-free/PSPDFThreadSafeMutableDictionary.h"; sourceTree = "<group>"; fileEncoding = 4; lastKnownFileType = sourcecode.c.h; explicitFileType = undefined; includeInIndex = 0; };
		3A88802A56A141D990630217 /* sqlite3_regexp.h */ = {isa = PBXFileReference; name = "sqlite3_regexp.h"; path = "cordova-sqlite-evcore-extbuild-free/sqlite3_regexp.h"; sourceTree = "<group>"; fileEncoding = 4; lastKnownFileType = sourcecode.c.h; explicitFileType = undefined; includeInIndex = 0; };
		2979157164864606AF5E0E1D /* sqlite3_base64.h */ = {isa = PBXFileReference; name = "sqlite3_base64.h"; path = "cordova-sqlite-evcore-extbuild-free/sqlite3_base64.h"; sourceTree = "<group>"; fileEncoding = 4; lastKnownFileType = sourcecode.c.h; explicitFileType = undefined; includeInIndex = 0; };
		9C3B18BC6F044126A7B40AB4 /* cencode.h */ = {isa = PBXFileReference; name = "cencode.h"; path = "cordova-sqlite-evcore-extbuild-free/cencode.h"; sourceTree = "<group>"; fileEncoding = 4; lastKnownFileType = sourcecode.c.h; explicitFileType = undefined; includeInIndex = 0; };
		65B1FC60FE894766BBDEB8DD /* sqlite3.h */ = {isa = PBXFileReference; name = "sqlite3.h"; path = "cordova-sqlite-evcore-extbuild-free/sqlite3.h"; sourceTree = "<group>"; fileEncoding = 4; lastKnownFileType = sourcecode.c.h; explicitFileType = undefined; includeInIndex = 0; };
		6916716741A3453D9A31A4CD /* SQLitePlugin.m */ = {isa = PBXFileReference; name = "SQLitePlugin.m"; path = "cordova-sqlite-storage/SQLitePlugin.m"; sourceTree = "<group>"; fileEncoding = 4; lastKnownFileType = sourcecode.c.objc; explicitFileType = undefined; includeInIndex = 0; };
		F3658896B52B45F3A8A33DFE /* PSPDFThreadSafeMutableDictionary.m */ = {isa = PBXFileReference; name = "PSPDFThreadSafeMutableDictionary.m"; path = "cordova-sqlite-storage/PSPDFThreadSafeMutableDictionary.m"; sourceTree = "<group>"; fileEncoding = 4; lastKnownFileType = sourcecode.c.objc; explicitFileType = undefined; includeInIndex = 0; };
		F830DB96A0DF41ABBFCD7201 /* sqlite3.c */ = {isa = PBXFileReference; name = "sqlite3.c"; path = "cordova-sqlite-storage/sqlite3.c"; sourceTree = "<group>"; fileEncoding = undefined; lastKnownFileType = unknown; explicitFileType = undefined; includeInIndex = 0; };
		BA21D02B238B4A29B6A2BC3A /* SQLitePlugin.h */ = {isa = PBXFileReference; name = "SQLitePlugin.h"; path = "cordova-sqlite-storage/SQLitePlugin.h"; sourceTree = "<group>"; fileEncoding = 4; lastKnownFileType = sourcecode.c.h; explicitFileType = undefined; includeInIndex = 0; };
		BE3A8A0223CE4AED919936F3 /* PSPDFThreadSafeMutableDictionary.h */ = {isa = PBXFileReference; name = "PSPDFThreadSafeMutableDictionary.h"; path = "cordova-sqlite-storage/PSPDFThreadSafeMutableDictionary.h"; sourceTree = "<group>"; fileEncoding = 4; lastKnownFileType = sourcecode.c.h; explicitFileType = undefined; includeInIndex = 0; };
		128F78B7B68F4999B5A2199C /* sqlite3.h */ = {isa = PBXFileReference; name = "sqlite3.h"; path = "cordova-sqlite-storage/sqlite3.h"; sourceTree = "<group>"; fileEncoding = 4; lastKnownFileType = sourcecode.c.h; explicitFileType = undefined; includeInIndex = 0; };
		6325F1657FBA4372B7A9FB1D /* BackgroundAudio.m */ = {isa = PBXFileReference; name = "BackgroundAudio.m"; path = "nl.kingsquare.cordova.background-audio/BackgroundAudio.m"; sourceTree = "<group>"; fileEncoding = 4; lastKnownFileType = sourcecode.c.objc; explicitFileType = undefined; includeInIndex = 0; };
		600435AD71A444FB9B58474D /* AppDelegate+notification.m */ = {isa = PBXFileReference; name = "AppDelegate+notification.m"; path = "phonegap-plugin-push/AppDelegate+notification.m"; sourceTree = "<group>"; fileEncoding = 4; lastKnownFileType = sourcecode.c.objc; explicitFileType = undefined; includeInIndex = 0; };
		21C6D8215BB5496998E55A40 /* PushPlugin.m */ = {isa = PBXFileReference; name = "PushPlugin.m"; path = "phonegap-plugin-push/PushPlugin.m"; sourceTree = "<group>"; fileEncoding = 4; lastKnownFileType = sourcecode.c.objc; explicitFileType = undefined; includeInIndex = 0; };
		B90EEE3EDB2642A0A3904D6A /* AppDelegate+notification.h */ = {isa = PBXFileReference; name = "AppDelegate+notification.h"; path = "phonegap-plugin-push/AppDelegate+notification.h"; sourceTree = "<group>"; fileEncoding = 4; lastKnownFileType = sourcecode.c.h; explicitFileType = undefined; includeInIndex = 0; };
		18C3773487654F1EACF8EE00 /* PushPlugin.h */ = {isa = PBXFileReference; name = "PushPlugin.h"; path = "phonegap-plugin-push/PushPlugin.h"; sourceTree = "<group>"; fileEncoding = 4; lastKnownFileType = sourcecode.c.h; explicitFileType = undefined; includeInIndex = 0; };
		BD2F26867A254B9E886C8AFB /* PushKit.framework */ = {isa = PBXFileReference; name = "PushKit.framework"; path = "System/Library/Frameworks/PushKit.framework"; sourceTree = SDKROOT; fileEncoding = undefined; lastKnownFileType = wrapper.framework; explicitFileType = undefined; includeInIndex = 0; };
/* End PBXFileReference section */

/* Begin PBXFrameworksBuildPhase section */
		1D60588F0D05DD3D006BFB54 /* Frameworks */ = {
			isa = PBXFrameworksBuildPhase;
			buildActionMask = 2147483647;
			files = (
				301BF552109A68D80062928A /* libCordova.a in Frameworks */,
				8F72C3339D9C473BB3BE3BA6 /* ImageIO.framework in Frameworks */,
				6C6DCD86317744F485549E4A /* CoreLocation.framework in Frameworks */,
				C2F8ACE643214F8E8F6172E3 /* AVFoundation.framework in Frameworks */,
				AC30A485E5CC4EB299341425 /* UserNotifications.framework in Frameworks */,
				BD88D9BBB6AC4A93B10B70E7 /* SystemConfiguration.framework in Frameworks */,
				A17AA6F630444DAF88D8CF99 /* CoreTelephony.framework in Frameworks */,
				2C3317AD69594FA99DBD9582 /* libz.dylib in Frameworks */,
				7BE033EADCBE400A92DB8F74 /* PushKit.framework in Frameworks */,
			);
			runOnlyForDeploymentPostprocessing = 0;
		};
/* End PBXFrameworksBuildPhase section */

/* Begin PBXGroup section */
		080E96DDFE201D6D7F000001 /* Classes */ = {
			isa = PBXGroup;
			children = (
				302D95EE14D2391D003F00A1 /* MainViewController.h */,
				302D95EF14D2391D003F00A1 /* MainViewController.m */,
				302D95F014D2391D003F00A1 /* MainViewController.xib */,
				1D3623240D0F684500981E51 /* AppDelegate.h */,
				1D3623250D0F684500981E51 /* AppDelegate.m */,
			);
			name = Classes;
			path = "مگ‌آموز/Classes";
			sourceTree = SOURCE_ROOT;
		};
		19C28FACFE9D520D11CA2CBB /* Products */ = {
			isa = PBXGroup;
			children = (
				1D6058910D05DD3D006BFB54 /* مگ‌آموز.app */,
			);
			name = Products;
			sourceTree = "<group>";
		};
		29B97314FDCFA39411CA2CEA /* CustomTemplate */ = {
			isa = PBXGroup;
			children = (
				EB87FDF41871DAF40020F90C /* config.xml */,
				EB87FDF31871DA8E0020F90C /* www */,
				EB87FDF11871DA420020F90C /* Staging */,
				301BF52D109A57CC0062928A /* CordovaLib.xcodeproj */,
				080E96DDFE201D6D7F000001 /* Classes */,
				307C750510C5A3420062BCA9 /* Plugins */,
				29B97315FDCFA39411CA2CEA /* Other Sources */,
				29B97317FDCFA39411CA2CEA /* Resources */,
				29B97323FDCFA39411CA2CEA /* Frameworks */,
				19C28FACFE9D520D11CA2CBB /* Products */,
			);
			name = CustomTemplate;
			sourceTree = "<group>";
		};
		29B97315FDCFA39411CA2CEA /* Other Sources */ = {
			isa = PBXGroup;
			children = (
				32CA4F630368D1EE00C91783 /* مگ‌آموز-Prefix.pch */,
				29B97316FDCFA39411CA2CEA /* main.m */,
				ED33DF2A687741AEAF9F8254 /* Bridging-Header.h */,
			);
			name = "Other Sources";
			path = "مگ‌آموز";
			sourceTree = "<group>";
		};
		29B97317FDCFA39411CA2CEA /* Resources */ = {
			isa = PBXGroup;
			children = (
				0207DA571B56EA530066E2B4 /* Images.xcassets */,
				3047A50E1AB8057F00498E2A /* config */,
				8D1107310486CEB800E47090 /* مگ‌آموز-Info.plist */,
				6AFF5BF81D6E424B00AB3073 /* CDVLaunchScreen.storyboard */,
				C89AE44472EA44379113986F /* GoogleService-Info.plist */,
				075693AA525A4CDB856AD998 /* CDVCapture.bundle */,
			);
			name = Resources;
			path = "مگ‌آموز/Resources";
			sourceTree = "<group>";
		};
		29B97323FDCFA39411CA2CEA /* Frameworks */ = {
			isa = PBXGroup;
			children = (
				25952116CD9C49B1AFCA0DB3 /* ImageIO.framework */,
				A9DBE43858F548AEB37CECDC /* CoreLocation.framework */,
				1135C77FDD0D47DEA0338DE1 /* AVFoundation.framework */,
				07A8D69FBB654780AA269C6E /* UserNotifications.framework */,
				26F9A36776804A969138C0DA /* SystemConfiguration.framework */,
				C3FF322CE034400DA2129296 /* CoreTelephony.framework */,
				28233599F6D44DC59BD168C2 /* libz.dylib */,
				BD2F26867A254B9E886C8AFB /* PushKit.framework */,
			);
			name = Frameworks;
			sourceTree = "<group>";
		};
		301BF52E109A57CC0062928A /* Products */ = {
			isa = PBXGroup;
			children = (
				301BF535109A57CC0062928A /* libCordova.a */,
			);
			name = Products;
			sourceTree = "<group>";
		};
		3047A50E1AB8057F00498E2A /* config */ = {
			isa = PBXGroup;
			children = (
				3047A50F1AB8059700498E2A /* build-debug.xcconfig */,
				3047A5101AB8059700498E2A /* build-release.xcconfig */,
				3047A5111AB8059700498E2A /* build.xcconfig */,
			);
			name = config;
			sourceTree = "<group>";
		};
		307C750510C5A3420062BCA9 /* Plugins */ = {
			isa = PBXGroup;
			children = (
				8E9070403CA94E0FAD5BEAF2 /* CDVClipboard.m */,
				6870F78D075F4003A25E39AE /* CDVClipboard.h */,
				181255E1F1434F9286CCD59C /* APPBadge.m */,
				3B9715E29BE74E63ADC09C88 /* APPBadge.h */,
				A16631587B894EA29E30DA26 /* UIImage+CropScaleOrientation.m */,
				C083B8666DC64519AA28F196 /* CDVCamera.m */,
				A329D42CA1924760A6278AC9 /* CDVJpegHeaderWriter.m */,
				5077DBAD98024A99B51F232E /* UIImage+CropScaleOrientation.h */,
				088F5C280933421A981BF5A7 /* CDVCamera.h */,
				D2153619169547568C25FFAC /* CDVJpegHeaderWriter.h */,
				7EF8AF85E3084C15B2D4D620 /* CDVExif.h */,
				F20A17CEC84E49BCBA3806AE /* CDVDevice.m */,
				990F6D78B33346FE90DE939C /* CDVDevice.h */,
				1426BB4352CC46F381BD13D3 /* CDVFile.m */,
				1AA83921FC1E4426A34B9AB0 /* CDVLocalFilesystem.m */,
				AC9DD8C9D13D427CA06F6138 /* CDVAssetLibraryFilesystem.m */,
				ADEDD344990344D389441D10 /* CDVFile.h */,
				32709DF6FFE64D6D814400C7 /* CDVLocalFilesystem.h */,
				F64461E2CE944D8FB0D46EDE /* CDVAssetLibraryFilesystem.h */,
				09E0C0FAA670476DAF2FA6FE /* FileOpener2.m */,
				9B87AD70E9C341D887CC0A38 /* FileOpener2.h */,
				AA42E83AAEDE43FB9E1C1190 /* CDVFileTransfer.m */,
				6E2FE25F6D054ED6B7E11A7E /* CDVFileTransfer.h */,
				95603FB5518740E08D891EEA /* CDVGlobalization.m */,
				04B6BA1301614E6E9120DCE1 /* CDVGlobalization.h */,
				F21C9030E6694713B5EE2EBF /* CDVInAppBrowser.m */,
				69C1E62D20934D468F015F9A /* CDVInAppBrowserOptions.m */,
				4A579BA4814D47DDB6B25FFC /* CDVInAppBrowserNavigationController.m */,
				C0832E6873544603A776BA81 /* CDVUIInAppBrowser.m */,
				99BAA243709B4E7AB78CD2C2 /* CDVWKInAppBrowser.m */,
				EA9CB0F61B074B6BB9344176 /* CDVWKInAppBrowserUIDelegate.m */,
				D3205FA2552D4A99A7B82852 /* CDVInAppBrowser.h */,
				0D4A5A3FBFBF4ED8B95CA73A /* CDVInAppBrowserOptions.h */,
				DB4D4F8E8E084E9D8680FAC6 /* CDVInAppBrowserNavigationController.h */,
				715E7CFD4A7E4C669F2034E5 /* CDVUIInAppBrowser.h */,
				4AFB56D7857D4693804D55C8 /* CDVWKInAppBrowser.h */,
				0B85A0833CD14B1E9046D702 /* CDVWKInAppBrowserUIDelegate.h */,
				AA9F9F704C044AAEAB20EEC9 /* CDVIonicKeyboard.m */,
				D7F86B68B3814A188471746B /* CDVIonicKeyboard.h */,
				FFC6B0CC58FC4EB98C9B9933 /* APPLocalNotification.m */,
				3E41743C299A4309B5A6F0AF /* APPNotificationCategory.m */,
				D352533C3B8E42FA9B384E0C /* APPNotificationContent.m */,
				C9E416FCBB774DAF9E647FE1 /* APPNotificationOptions.m */,
				D21E1AA67ABA48AAB842747C /* UNUserNotificationCenter+APPLocalNotification.m */,
				EC7877F3C36942D091F6A7A9 /* UNNotificationRequest+APPLocalNotification.m */,
				75A34EA0DA86409FBDF149BA /* APPLocalNotification.h */,
				A1B96D195B774D4FA754B943 /* APPNotificationCategory.h */,
				1185A55F11E346A5975EC1D6 /* APPNotificationContent.h */,
				EE7FB68A89EF4ADCB0FF7236 /* APPNotificationOptions.h */,
				6AE34F41AE724CFDA5932919 /* UNUserNotificationCenter+APPLocalNotification.h */,
				48E16BA595294A77AB3F01AE /* UNNotificationRequest+APPLocalNotification.h */,
				3A55911B71A84E8CBDC6BB5A /* CDVCapture.m */,
				7F0D09B0C6394FF4A5270691 /* CDVCapture.h */,
				1AE5B0C19E8C4043872C0FC8 /* CDVConnection.m */,
				41835664407448E796844AA4 /* CDVReachability.m */,
				679ADA4CB3754558B062B1A3 /* CDVConnection.h */,
				41916972CCA64F7CBF514E4B /* CDVReachability.h */,
				EE8478DAAEEF4F178D897D13 /* CDVOrientation.m */,
				70AFBDCB25134C19BD7301A9 /* CDVOrientation.h */,
				850DA153F8DC4C198D9DED7C /* CDVSplashScreen.m */,
				08B1E36EA5A347D394512EBA /* CDVViewController+SplashScreen.m */,
				90FB980E08804C73A87EB980 /* CDVSplashScreen.h */,
				D75594CCB7694A5D9B3F91B1 /* CDVViewController+SplashScreen.h */,
				29F4B4843AD54F6DA0E90F9B /* CDVStatusBar.m */,
				CF6ABA73B09143D887CE0FBE /* CDVStatusBar.h */,
				39C9979FFBE4415EA600F97A /* ZipPlugin.m */,
				9806CB5BFDF0487387730CFC /* aescrypt.c */,
				DF4351B2BAAC46539D8FCBAF /* aeskey.c */,
				31DC7DBCF833460B874F5CC0 /* aestab.c */,
				9459E74D9D864C4CB5F91569 /* entropy.c */,
				53B9029CD87E488D9C39837A /* fileenc.c */,
				077B811369FC45ABA85B40A6 /* hmac.c */,
				C7EA13D064E9401C9E1A4431 /* prng.c */,
				5A88614172AC4C0593987A0D /* pwd2key.c */,
				2611EFDE28274E26AC3BC1B5 /* sha1.c */,
				4D8AECB4B3E74B91977D69FC /* SSZipArchive.m */,
				8CF980BAFEE24584A5432E32 /* zip.c */,
				1C7BBEFA3D144828A46539B3 /* unzip.c */,
				B393EE39E73E4373A3283D10 /* mztools.c */,
				BDBDC08C17AD4E6693C25729 /* ioapi.c */,
				D81A33C971394CF9868BBDEC /* ZipPlugin.h */,
				C5B41B90FBC34300A03FD6C0 /* Common.h */,
				17CCD0F8A8FE47708CFCFCC8 /* aes.h */,
				F06DC9F67B08456B8BDB9735 /* aes_via_ace.h */,
				E482803B53414BEF9CB153AB /* aesopt.h */,
				12D660C1B85E48E48270044B /* aestab.h */,
				AE83BA107E484FE2BFCE9483 /* brg_endian.h */,
				E473E825BD374F88A535DF70 /* brg_types.h */,
				66B807B394E24A89B0C4E6EB /* entropy.h */,
				30D89A3E1DC34812910E24D0 /* fileenc.h */,
				0FFD377084EB49F596CF6E54 /* hmac.h */,
				C13EF1A2504243648F479859 /* prng.h */,
				4FF56508A294438D833845E4 /* pwd2key.h */,
				9D1CB2CF47A24F288B108843 /* sha1.h */,
				7EB9A470813144FCB312431B /* SSZipArchive.h */,
				4EFD161627244E499170F852 /* zip.h */,
				9593D91208BD4E25B82FC5AB /* unzip.h */,
				AABE6128958547B7ADB4621B /* mztools.h */,
				804DE93F432A4558B7E84459 /* ioapi.h */,
				80209C691DFC459F9631D7AD /* crypt.h */,
				F5C298EDF1724B52BEFBF384 /* SQLitePlugin.m */,
				68AD49F9EEA742D9971F5A9E /* PSPDFThreadSafeMutableDictionary.m */,
				C4D9565C84264CFC8C3C81A8 /* sqlite3_regexp.c */,
				BD4E1B390B9E45798F0F8B70 /* sqlite3_base64.c */,
				0E729973BBF2486EB3A9463B /* cencode.c */,
				C3BBB98B1D3D4915814C4BCA /* sqlite3.c */,
				2E70767D85874D50A8CAC58C /* SQLitePlugin.h */,
				7A9C6E1E393B43EAABCFD5FC /* PSPDFThreadSafeMutableDictionary.h */,
				3A88802A56A141D990630217 /* sqlite3_regexp.h */,
				2979157164864606AF5E0E1D /* sqlite3_base64.h */,
				9C3B18BC6F044126A7B40AB4 /* cencode.h */,
				65B1FC60FE894766BBDEB8DD /* sqlite3.h */,
				6916716741A3453D9A31A4CD /* SQLitePlugin.m */,
				F3658896B52B45F3A8A33DFE /* PSPDFThreadSafeMutableDictionary.m */,
				F830DB96A0DF41ABBFCD7201 /* sqlite3.c */,
				BA21D02B238B4A29B6A2BC3A /* SQLitePlugin.h */,
				BE3A8A0223CE4AED919936F3 /* PSPDFThreadSafeMutableDictionary.h */,
				128F78B7B68F4999B5A2199C /* sqlite3.h */,
				6325F1657FBA4372B7A9FB1D /* BackgroundAudio.m */,
				600435AD71A444FB9B58474D /* AppDelegate+notification.m */,
				21C6D8215BB5496998E55A40 /* PushPlugin.m */,
				B90EEE3EDB2642A0A3904D6A /* AppDelegate+notification.h */,
				18C3773487654F1EACF8EE00 /* PushPlugin.h */,
			);
			name = Plugins;
			path = "مگ‌آموز/Plugins";
			sourceTree = SOURCE_ROOT;
		};
		EB87FDF11871DA420020F90C /* Staging */ = {
			isa = PBXGroup;
			children = (
				F840E1F0165FE0F500CFE078 /* config.xml */,
				301BF56E109A69640062928A /* www */,
			);
			name = Staging;
			sourceTree = "<group>";
		};
/* End PBXGroup section */

/* Begin PBXNativeTarget section */
		1D6058900D05DD3D006BFB54 /* مگ‌آموز */ = {
			isa = PBXNativeTarget;
			buildConfigurationList = 1D6058960D05DD3E006BFB54 /* Build configuration list for PBXNativeTarget "مگ‌آموز" */;
			buildPhases = (
				304B58A110DAC018002A0835 /* Copy www directory */,
				1D60588D0D05DD3D006BFB54 /* Resources */,
				1D60588E0D05DD3D006BFB54 /* Sources */,
				1D60588F0D05DD3D006BFB54 /* Frameworks */,
			);
			buildRules = (
			);
			dependencies = (
				301BF551109A68C00062928A /* PBXTargetDependency */,
			);
			name = "مگ‌آموز";
			productName = "مگ‌آموز";
			productReference = 1D6058910D05DD3D006BFB54 /* مگ‌آموز.app */;
			productType = "com.apple.product-type.application";
		};
/* End PBXNativeTarget section */

/* Begin PBXProject section */
		29B97313FDCFA39411CA2CEA /* Project object */ = {
			isa = PBXProject;
			attributes = {
				LastUpgradeCheck = 510;
			};
			buildConfigurationList = C01FCF4E08A954540054247B /* Build configuration list for PBXProject "__NON-CLI__" */;
			compatibilityVersion = "Xcode 3.2";
			developmentRegion = English;
			hasScannedForEncodings = 1;
			mainGroup = 29B97314FDCFA39411CA2CEA /* CustomTemplate */;
			projectDirPath = "";
			projectReferences = (
				{
					ProductGroup = 301BF52E109A57CC0062928A /* Products */;
					ProjectRef = 301BF52D109A57CC0062928A /* CordovaLib.xcodeproj */;
				},
			);
			projectRoot = "";
			targets = (
				1D6058900D05DD3D006BFB54 /* مگ‌آموز */,
			);
		};
/* End PBXProject section */

/* Begin PBXReferenceProxy section */
		301BF535109A57CC0062928A /* libCordova.a */ = {
			isa = PBXReferenceProxy;
			fileType = archive.ar;
			path = libCordova.a;
			remoteRef = 301BF534109A57CC0062928A /* PBXContainerItemProxy */;
			sourceTree = BUILT_PRODUCTS_DIR;
		};
/* End PBXReferenceProxy section */

/* Begin PBXResourcesBuildPhase section */
		1D60588D0D05DD3D006BFB54 /* Resources */ = {
			isa = PBXResourcesBuildPhase;
			buildActionMask = 2147483647;
			files = (
				302D95F214D2391D003F00A1 /* MainViewController.xib in Resources */,
				0207DA581B56EA530066E2B4 /* Images.xcassets in Resources */,
				6AFF5BF91D6E424B00AB3073 /* CDVLaunchScreen.storyboard in Resources */,
				2C134971A5D846DE9D076B67 /* GoogleService-Info.plist in Resources */,
				8880598E4D014C7DA3BCD67B /* CDVCapture.bundle in Resources */,
			);
			runOnlyForDeploymentPostprocessing = 0;
		};
/* End PBXResourcesBuildPhase section */

/* Begin PBXShellScriptBuildPhase section */
		304B58A110DAC018002A0835 /* Copy www directory */ = {
			isa = PBXShellScriptBuildPhase;
			buildActionMask = 2147483647;
			files = (
			);
			inputPaths = (
			);
			name = "Copy www directory";
			outputPaths = (
			);
			runOnlyForDeploymentPostprocessing = 0;
			shellPath = /bin/sh;
			shellScript = "NODEJS_PATH=/usr/local/bin; NVM_NODE_PATH=~/.nvm/versions/node/`nvm version 2>/dev/null`/bin; N_NODE_PATH=`find /usr/local/n/versions/node/* -maxdepth 0 -type d 2>/dev/null | tail -1`/bin; XCODE_NODE_PATH=`xcode-select --print-path`/usr/share/xcs/Node/bin; PATH=$NODEJS_PATH:$NVM_NODE_PATH:$N_NODE_PATH:$XCODE_NODE_PATH:$PATH && node cordova/lib/copy-www-build-step.js";
			showEnvVarsInLog = 0;
		};
/* End PBXShellScriptBuildPhase section */

/* Begin PBXSourcesBuildPhase section */
		1D60588E0D05DD3D006BFB54 /* Sources */ = {
			isa = PBXSourcesBuildPhase;
			buildActionMask = 2147483647;
			files = (
				1D60589B0D05DD56006BFB54 /* main.m in Sources */,
				1D3623260D0F684500981E51 /* AppDelegate.m in Sources */,
				302D95F114D2391D003F00A1 /* MainViewController.m in Sources */,
				91D30A97E1AE499993BBA347 /* CDVClipboard.m in Sources */,
				E46C20D2367A4938AF2CE5B7 /* APPBadge.m in Sources */,
				800BA883CD7E42D7AFADE710 /* UIImage+CropScaleOrientation.m in Sources */,
				49A4301CF3174459B1BB93E2 /* CDVCamera.m in Sources */,
				6BBEF6D3407649D2B65E7DF8 /* CDVJpegHeaderWriter.m in Sources */,
				F1ABE08CD7B9495DA0AAC6FC /* CDVDevice.m in Sources */,
				7B93725F2BAB44B8B894B1DC /* CDVFile.m in Sources */,
				4DD9C459C5BA4FF997CA8792 /* CDVLocalFilesystem.m in Sources */,
				1ECD7B2DF8AB47808CD1B74E /* CDVAssetLibraryFilesystem.m in Sources */,
				AE6053D5C64E4AF7983181A4 /* FileOpener2.m in Sources */,
				F345B9236A9A4EA0974772ED /* CDVFileTransfer.m in Sources */,
				4FB3852FD9D340A48626DCF2 /* CDVGlobalization.m in Sources */,
				D2EA4C9044CD42F5916E7C13 /* CDVInAppBrowser.m in Sources */,
				B6207DAED165438D94AE4E14 /* CDVInAppBrowserOptions.m in Sources */,
				3689B5917C6B4FFFA6C671C5 /* CDVInAppBrowserNavigationController.m in Sources */,
				9B16380D3D89461FB666F1BE /* CDVUIInAppBrowser.m in Sources */,
				C57D20C4933A4E129C3BB1BD /* CDVWKInAppBrowser.m in Sources */,
				7D00BA11B4A04EF69C512261 /* CDVWKInAppBrowserUIDelegate.m in Sources */,
				0400313F7D09428FA021D4AD /* CDVIonicKeyboard.m in Sources */,
				EBEEE4AD02F243AC84195B85 /* APPLocalNotification.m in Sources */,
				58EED314EA6447CA9E242C12 /* APPNotificationCategory.m in Sources */,
				4C13044273654525A3705E15 /* APPNotificationContent.m in Sources */,
				412680F050BD4EC6AA513C22 /* APPNotificationOptions.m in Sources */,
				BFCE3F5BCF734B69AA41BB22 /* UNUserNotificationCenter+APPLocalNotification.m in Sources */,
				D9D5E713D7B941C79B5EFEEE /* UNNotificationRequest+APPLocalNotification.m in Sources */,
				8A11AE359DBE41F3A7B9AB25 /* CDVCapture.m in Sources */,
				68C66C72D27D45D2AFCDCDC8 /* CDVConnection.m in Sources */,
				A0A296053DE84E4493178752 /* CDVReachability.m in Sources */,
				2D30B58145C14C8590F0AE38 /* CDVOrientation.m in Sources */,
				A929913D0AED40D5BF860626 /* CDVSplashScreen.m in Sources */,
				3B368F20BA7042F8B2B0CDDE /* CDVViewController+SplashScreen.m in Sources */,
				2C35C5A5AADB48C88D6ECD97 /* CDVStatusBar.m in Sources */,
				D137062EBFB5484990D7E787 /* ZipPlugin.m in Sources */,
				A64CCFF9ED6D4CE28ECA3172 /* aescrypt.c in Resources */,
				FA9A12E3815343258EC60188 /* aeskey.c in Resources */,
				35D8D8D719FB458AA012F56E /* aestab.c in Resources */,
				8656DA2673924197A69AEEF1 /* entropy.c in Resources */,
				6A0579529D0A4A4A8C5D11C7 /* fileenc.c in Resources */,
				F8B07B63E5CD479BB745FA07 /* hmac.c in Resources */,
				63C71E0051BA4B388B51F6D5 /* prng.c in Resources */,
				8DBD311A4F2C42E98F665A76 /* pwd2key.c in Resources */,
				9AB32A6561964EE48E68E0E3 /* sha1.c in Resources */,
				7FCA139DDC2048EC8297FE36 /* SSZipArchive.m in Sources */,
				5B2A8656B26948FBB0454CB9 /* zip.c in Resources */,
				7978BB705A4C4E1DA0737F5A /* unzip.c in Resources */,
				48B9CC5E1D43405293A5C5EF /* mztools.c in Resources */,
				83C699F51A9B49C68728539A /* ioapi.c in Resources */,
				19BAE082143541E7992DD24C /* SQLitePlugin.m in Sources */,
				E9200955486E479C95BCE5FE /* PSPDFThreadSafeMutableDictionary.m in Sources */,
				22EE22D08DC2409C9DD02B72 /* sqlite3_regexp.c in Resources */,
				4941CCE14C8F403F9221A7D8 /* sqlite3_base64.c in Resources */,
				B2444756330F42518FD2EB07 /* cencode.c in Resources */,
				A3E15F1BAD7645A1B3DA068C /* sqlite3.c in Resources */,
				CF06DA55D2B240C59F1C0CDB /* SQLitePlugin.m in Sources */,
				A700A167046A42518AE68942 /* PSPDFThreadSafeMutableDictionary.m in Sources */,
				D1C57550397E42558EBBEDE6 /* sqlite3.c in Resources */,
				B87DE24F51A54689858B7986 /* BackgroundAudio.m in Sources */,
				505B94683FBE4C8E919AAA3C /* AppDelegate+notification.m in Sources */,
				0989541CC92D4576958C0408 /* PushPlugin.m in Sources */,
			);
			runOnlyForDeploymentPostprocessing = 0;
		};
/* End PBXSourcesBuildPhase section */

/* Begin PBXTargetDependency section */
		301BF551109A68C00062928A /* PBXTargetDependency */ = {
			isa = PBXTargetDependency;
			name = CordovaLib;
			targetProxy = 301BF550109A68C00062928A /* PBXContainerItemProxy */;
		};
/* End PBXTargetDependency section */

/* Begin XCBuildConfiguration section */
		1D6058940D05DD3E006BFB54 /* Debug */ = {
			isa = XCBuildConfiguration;
			baseConfigurationReference = 3047A50F1AB8059700498E2A /* build-debug.xcconfig */;
			buildSettings = {
				ALWAYS_SEARCH_USER_PATHS = NO;
				ASSETCATALOG_COMPILER_APPICON_NAME = AppIcon;
				ASSETCATALOG_COMPILER_LAUNCHIMAGE_NAME = LaunchImage;
				CLANG_ENABLE_MODULES = YES;
				CLANG_ENABLE_OBJC_ARC = YES;
				COPY_PHASE_STRIP = NO;
				GCC_DYNAMIC_NO_PIC = NO;
				GCC_OPTIMIZATION_LEVEL = 0;
				GCC_PRECOMPILE_PREFIX_HEADER = YES;
				GCC_PREFIX_HEADER = "مگ‌آموز/مگ‌آموز-Prefix.pch";
				GCC_THUMB_SUPPORT = NO;
				GCC_VERSION = "";
				INFOPLIST_FILE = "مگ‌آموز/مگ‌آموز-Info.plist";
				IPHONEOS_DEPLOYMENT_TARGET = 9.0;
				LD_RUNPATH_SEARCH_PATHS = "@executable_path/Frameworks";
				TARGETED_DEVICE_FAMILY = "1,2";
				PRODUCT_NAME = "مگ‌آموز";
			};
			name = Debug;
		};
		1D6058950D05DD3E006BFB54 /* Release */ = {
			isa = XCBuildConfiguration;
			baseConfigurationReference = 3047A5101AB8059700498E2A /* build-release.xcconfig */;
			buildSettings = {
				ALWAYS_SEARCH_USER_PATHS = NO;
				ASSETCATALOG_COMPILER_APPICON_NAME = AppIcon;
				ASSETCATALOG_COMPILER_LAUNCHIMAGE_NAME = LaunchImage;
				CLANG_ENABLE_MODULES = YES;
				CLANG_ENABLE_OBJC_ARC = YES;
				COPY_PHASE_STRIP = YES;
				GCC_PRECOMPILE_PREFIX_HEADER = YES;
				GCC_PREFIX_HEADER = "مگ‌آموز/مگ‌آموز-Prefix.pch";
				GCC_THUMB_SUPPORT = NO;
				GCC_VERSION = "";
				INFOPLIST_FILE = "مگ‌آموز/مگ‌آموز-Info.plist";
				IPHONEOS_DEPLOYMENT_TARGET = 9.0;
				LD_RUNPATH_SEARCH_PATHS = "@executable_path/Frameworks";
				TARGETED_DEVICE_FAMILY = "1,2";
				PRODUCT_NAME = "مگ‌آموز";
			};
			name = Release;
		};
		C01FCF4F08A954540054247B /* Debug */ = {
			isa = XCBuildConfiguration;
			baseConfigurationReference = 3047A5111AB8059700498E2A /* build.xcconfig */;
			buildSettings = {
				CLANG_ENABLE_MODULES = YES;
				CLANG_ENABLE_OBJC_ARC = YES;
				CLANG_WARN_BOOL_CONVERSION = YES;
				CLANG_WARN_CONSTANT_CONVERSION = YES;
				CLANG_WARN_EMPTY_BODY = YES;
				CLANG_WARN_ENUM_CONVERSION = YES;
				CLANG_WARN_INT_CONVERSION = YES;
				CLANG_WARN__DUPLICATE_METHOD_MATCH = YES;
				GCC_C_LANGUAGE_STANDARD = c99;
				GCC_THUMB_SUPPORT = NO;
				GCC_VERSION = "";
				GCC_WARN_ABOUT_RETURN_TYPE = YES;
				GCC_WARN_UNDECLARED_SELECTOR = YES;
				GCC_WARN_UNINITIALIZED_AUTOS = YES;
				GCC_WARN_UNUSED_FUNCTION = YES;
				GCC_WARN_UNUSED_VARIABLE = YES;
				ONLY_ACTIVE_ARCH = YES;
				SDKROOT = iphoneos;
				SKIP_INSTALL = NO;
				TARGETED_DEVICE_FAMILY = "1,2";
			};
			name = Debug;
		};
		C01FCF5008A954540054247B /* Release */ = {
			isa = XCBuildConfiguration;
			baseConfigurationReference = 3047A5111AB8059700498E2A /* build.xcconfig */;
			buildSettings = {
				CLANG_ENABLE_MODULES = YES;
				CLANG_ENABLE_OBJC_ARC = YES;
				CLANG_WARN_BOOL_CONVERSION = YES;
				CLANG_WARN_CONSTANT_CONVERSION = YES;
				CLANG_WARN_EMPTY_BODY = YES;
				CLANG_WARN_ENUM_CONVERSION = YES;
				CLANG_WARN_INT_CONVERSION = YES;
				CLANG_WARN__DUPLICATE_METHOD_MATCH = YES;
				GCC_C_LANGUAGE_STANDARD = c99;
				GCC_THUMB_SUPPORT = NO;
				GCC_VERSION = "";
				GCC_WARN_ABOUT_RETURN_TYPE = YES;
				GCC_WARN_UNDECLARED_SELECTOR = YES;
				GCC_WARN_UNINITIALIZED_AUTOS = YES;
				GCC_WARN_UNUSED_FUNCTION = YES;
				GCC_WARN_UNUSED_VARIABLE = YES;
				SDKROOT = iphoneos;
				SKIP_INSTALL = NO;
				TARGETED_DEVICE_FAMILY = "1,2";
			};
			name = Release;
		};
/* End XCBuildConfiguration section */

/* Begin XCConfigurationList section */
		1D6058960D05DD3E006BFB54 /* Build configuration list for PBXNativeTarget "مگ‌آموز" */ = {
			isa = XCConfigurationList;
			buildConfigurations = (
				1D6058940D05DD3E006BFB54 /* Debug */,
				1D6058950D05DD3E006BFB54 /* Release */,
			);
			defaultConfigurationIsVisible = 0;
			defaultConfigurationName = Release;
		};
		C01FCF4E08A954540054247B /* Build configuration list for PBXProject "__NON-CLI__" */ = {
			isa = XCConfigurationList;
			buildConfigurations = (
				C01FCF4F08A954540054247B /* Debug */,
				C01FCF5008A954540054247B /* Release */,
			);
			defaultConfigurationIsVisible = 0;
			defaultConfigurationName = Release;
		};
/* End XCConfigurationList section */
	};
	rootObject = 29B97313FDCFA39411CA2CEA /* Project object */;
}
